// !$*UTF8*$!
{
	archiveVersion = 1;
	classes = {
	};
	objectVersion = 50;
	objects = {

/* Begin PBXBuildFile section */
		840CF50C21F88AE40036E0C2 /* AppDelegate.m in Sources */ = {isa = PBXBuildFile; fileRef = 840CF50B21F88AE40036E0C2 /* AppDelegate.m */; };
		840CF50F21F88AE40036E0C2 /* ViewController.m in Sources */ = {isa = PBXBuildFile; fileRef = 840CF50E21F88AE40036E0C2 /* ViewController.m */; };
		840CF51221F88AE40036E0C2 /* Main.storyboard in Resources */ = {isa = PBXBuildFile; fileRef = 840CF51021F88AE40036E0C2 /* Main.storyboard */; };
		840CF51421F88AE70036E0C2 /* Assets.xcassets in Resources */ = {isa = PBXBuildFile; fileRef = 840CF51321F88AE70036E0C2 /* Assets.xcassets */; };
		840CF51721F88AE70036E0C2 /* LaunchScreen.storyboard in Resources */ = {isa = PBXBuildFile; fileRef = 840CF51521F88AE70036E0C2 /* LaunchScreen.storyboard */; };
		840CF51A21F88AE70036E0C2 /* main.m in Sources */ = {isa = PBXBuildFile; fileRef = 840CF51921F88AE70036E0C2 /* main.m */; };
		840CF52421F88AE70036E0C2 /* JapaneseLearningTests.m in Sources */ = {isa = PBXBuildFile; fileRef = 840CF52321F88AE70036E0C2 /* JapaneseLearningTests.m */; };
		840CF52F21F88AE70036E0C2 /* JapaneseLearningUITests.m in Sources */ = {isa = PBXBuildFile; fileRef = 840CF52E21F88AE70036E0C2 /* JapaneseLearningUITests.m */; };
		840CF54621F88BA20036E0C2 /* BaseViewController.m in Sources */ = {isa = PBXBuildFile; fileRef = 840CF54521F88BA20036E0C2 /* BaseViewController.m */; };
		840CF54D21F88D020036E0C2 /* MainUIView.m in Sources */ = {isa = PBXBuildFile; fileRef = 840CF54C21F88D020036E0C2 /* MainUIView.m */; };
		840CF54F21F88D0D0036E0C2 /* MainUIView.xib in Resources */ = {isa = PBXBuildFile; fileRef = 840CF54E21F88D0D0036E0C2 /* MainUIView.xib */; };
		840CF55421F88E630036E0C2 /* SFFileManager.m in Sources */ = {isa = PBXBuildFile; fileRef = 840CF55221F88E630036E0C2 /* SFFileManager.m */; };
		840CF57F21F891080036E0C2 /* IQTextView.m in Sources */ = {isa = PBXBuildFile; fileRef = 840CF55A21F891070036E0C2 /* IQTextView.m */; };
		840CF58021F891080036E0C2 /* IQToolbar.m in Sources */ = {isa = PBXBuildFile; fileRef = 840CF55E21F891070036E0C2 /* IQToolbar.m */; };
		840CF58121F891080036E0C2 /* IQTitleBarButtonItem.m in Sources */ = {isa = PBXBuildFile; fileRef = 840CF56021F891070036E0C2 /* IQTitleBarButtonItem.m */; };
		840CF58221F891080036E0C2 /* IQBarButtonItem.m in Sources */ = {isa = PBXBuildFile; fileRef = 840CF56121F891070036E0C2 /* IQBarButtonItem.m */; };
		840CF58321F891080036E0C2 /* IQUIView+IQKeyboardToolbar.m in Sources */ = {isa = PBXBuildFile; fileRef = 840CF56221F891070036E0C2 /* IQUIView+IQKeyboardToolbar.m */; };
		840CF58421F891080036E0C2 /* IQPreviousNextView.m in Sources */ = {isa = PBXBuildFile; fileRef = 840CF56321F891070036E0C2 /* IQPreviousNextView.m */; };
		840CF58521F891080036E0C2 /* IQKeyboardManager.bundle in Resources */ = {isa = PBXBuildFile; fileRef = 840CF56B21F891070036E0C2 /* IQKeyboardManager.bundle */; };
		840CF58621F891080036E0C2 /* IQKeyboardManager.m in Sources */ = {isa = PBXBuildFile; fileRef = 840CF56E21F891070036E0C2 /* IQKeyboardManager.m */; };
		840CF58721F891080036E0C2 /* IQNSArray+Sort.m in Sources */ = {isa = PBXBuildFile; fileRef = 840CF57021F891070036E0C2 /* IQNSArray+Sort.m */; };
		840CF58821F891080036E0C2 /* IQUITextFieldView+Additions.m in Sources */ = {isa = PBXBuildFile; fileRef = 840CF57221F891070036E0C2 /* IQUITextFieldView+Additions.m */; };
		840CF58921F891080036E0C2 /* IQUIScrollView+Additions.m in Sources */ = {isa = PBXBuildFile; fileRef = 840CF57321F891070036E0C2 /* IQUIScrollView+Additions.m */; };
		840CF58A21F891080036E0C2 /* IQUIView+Hierarchy.m in Sources */ = {isa = PBXBuildFile; fileRef = 840CF57421F891070036E0C2 /* IQUIView+Hierarchy.m */; };
		840CF58B21F891080036E0C2 /* IQUIViewController+Additions.m in Sources */ = {isa = PBXBuildFile; fileRef = 840CF57821F891070036E0C2 /* IQUIViewController+Additions.m */; };
		840CF58C21F891080036E0C2 /* IQKeyboardReturnKeyHandler.m in Sources */ = {isa = PBXBuildFile; fileRef = 840CF57A21F891070036E0C2 /* IQKeyboardReturnKeyHandler.m */; };
		840CF58D21F891080036E0C2 /* MBProgressHUD.m in Sources */ = {isa = PBXBuildFile; fileRef = 840CF57D21F891070036E0C2 /* MBProgressHUD.m */; };
		840CF59021F891480036E0C2 /* UIButton+SFButton.m in Sources */ = {isa = PBXBuildFile; fileRef = 840CF58F21F891480036E0C2 /* UIButton+SFButton.m */; };
		840CF59321F891740036E0C2 /* UIView+SFView.m in Sources */ = {isa = PBXBuildFile; fileRef = 840CF59221F891740036E0C2 /* UIView+SFView.m */; };
		840CF59A21F892640036E0C2 /* MainViewController.m in Sources */ = {isa = PBXBuildFile; fileRef = 840CF59921F892640036E0C2 /* MainViewController.m */; };
		840CF59D21F8958D0036E0C2 /* BaseView.m in Sources */ = {isa = PBXBuildFile; fileRef = 840CF59C21F8958D0036E0C2 /* BaseView.m */; };
		840CF5A121F8988C0036E0C2 /* FIftyMainViewController.m in Sources */ = {isa = PBXBuildFile; fileRef = 840CF59F21F8988C0036E0C2 /* FIftyMainViewController.m */; };
		840CF5A221F8988C0036E0C2 /* FIftyMainViewController.xib in Resources */ = {isa = PBXBuildFile; fileRef = 840CF5A021F8988C0036E0C2 /* FIftyMainViewController.xib */; };
		840CF5A521F899560036E0C2 /* TopView.m in Sources */ = {isa = PBXBuildFile; fileRef = 840CF5A421F899560036E0C2 /* TopView.m */; };
		840CF5A721F8995F0036E0C2 /* TopView.xib in Resources */ = {isa = PBXBuildFile; fileRef = 840CF5A621F8995F0036E0C2 /* TopView.xib */; };
		840CF5AB21F89BF10036E0C2 /* back.png in Resources */ = {isa = PBXBuildFile; fileRef = 840CF5AA21F89BF00036E0C2 /* back.png */; };
		841D36642201D2200055079E /* FiftyTestViewController.m in Sources */ = {isa = PBXBuildFile; fileRef = 841D36622201D2200055079E /* FiftyTestViewController.m */; };
		841D36652201D2200055079E /* FiftyTestViewController.xib in Resources */ = {isa = PBXBuildFile; fileRef = 841D36632201D2200055079E /* FiftyTestViewController.xib */; };
		841D36692201D3620055079E /* FiftyTestPianBtnCollectionViewCell.m in Sources */ = {isa = PBXBuildFile; fileRef = 841D36672201D3620055079E /* FiftyTestPianBtnCollectionViewCell.m */; };
		841D366A2201D3620055079E /* FiftyTestPianBtnCollectionViewCell.xib in Resources */ = {isa = PBXBuildFile; fileRef = 841D36682201D3620055079E /* FiftyTestPianBtnCollectionViewCell.xib */; };
		841D366D22028E570055079E /* QuestDataManager.m in Sources */ = {isa = PBXBuildFile; fileRef = 841D366C22028E570055079E /* QuestDataManager.m */; };
		841D3671220295050055079E /* FiftyTestMainView.m in Sources */ = {isa = PBXBuildFile; fileRef = 841D3670220295050055079E /* FiftyTestMainView.m */; };
		841D3673220295210055079E /* FiftyTestMainView.xib in Resources */ = {isa = PBXBuildFile; fileRef = 841D3672220295210055079E /* FiftyTestMainView.xib */; };
		8427A64221F8BAE800A90DCF /* Language.plist in Resources */ = {isa = PBXBuildFile; fileRef = 8427A64121F8BAE800A90DCF /* Language.plist */; };
		8427A64521F96D2000A90DCF /* FiftyMainView.m in Sources */ = {isa = PBXBuildFile; fileRef = 8427A64421F96D2000A90DCF /* FiftyMainView.m */; };
		8427A64721F96D2B00A90DCF /* FiftyMainView.xib in Resources */ = {isa = PBXBuildFile; fileRef = 8427A64621F96D2B00A90DCF /* FiftyMainView.xib */; };
		8435BD8E21FD8DB500DD0BB9 /* NSLayoutConstraint+MASDebugAdditions.m in Sources */ = {isa = PBXBuildFile; fileRef = 8435BD7521FD8DB500DD0BB9 /* NSLayoutConstraint+MASDebugAdditions.m */; };
		8435BD8F21FD8DB500DD0BB9 /* ViewController+MASAdditions.m in Sources */ = {isa = PBXBuildFile; fileRef = 8435BD7E21FD8DB500DD0BB9 /* ViewController+MASAdditions.m */; };
		8435BD9021FD8DB500DD0BB9 /* MASCompositeConstraint.m in Sources */ = {isa = PBXBuildFile; fileRef = 8435BD8221FD8DB500DD0BB9 /* MASCompositeConstraint.m */; };
		8435BD9121FD8DB500DD0BB9 /* MASConstraintMaker.m in Sources */ = {isa = PBXBuildFile; fileRef = 8435BD8321FD8DB500DD0BB9 /* MASConstraintMaker.m */; };
		8435BD9221FD8DB500DD0BB9 /* MASLayoutConstraint.m in Sources */ = {isa = PBXBuildFile; fileRef = 8435BD8421FD8DB500DD0BB9 /* MASLayoutConstraint.m */; };
		8435BD9321FD8DB500DD0BB9 /* NSArray+MASAdditions.m in Sources */ = {isa = PBXBuildFile; fileRef = 8435BD8521FD8DB500DD0BB9 /* NSArray+MASAdditions.m */; };
		8435BD9421FD8DB500DD0BB9 /* View+MASAdditions.m in Sources */ = {isa = PBXBuildFile; fileRef = 8435BD8621FD8DB500DD0BB9 /* View+MASAdditions.m */; };
		8435BD9521FD8DB500DD0BB9 /* MASConstraint.m in Sources */ = {isa = PBXBuildFile; fileRef = 8435BD8921FD8DB500DD0BB9 /* MASConstraint.m */; };
		8435BD9621FD8DB500DD0BB9 /* MASViewConstraint.m in Sources */ = {isa = PBXBuildFile; fileRef = 8435BD8B21FD8DB500DD0BB9 /* MASViewConstraint.m */; };
		8435BD9721FD8DB500DD0BB9 /* MASViewAttribute.m in Sources */ = {isa = PBXBuildFile; fileRef = 8435BD8C21FD8DB500DD0BB9 /* MASViewAttribute.m */; };
		8464756E21FD780500A305C3 /* FiftyStudyViewController.m in Sources */ = {isa = PBXBuildFile; fileRef = 8464756C21FD780500A305C3 /* FiftyStudyViewController.m */; };
		8464756F21FD780500A305C3 /* FiftyStudyViewController.xib in Resources */ = {isa = PBXBuildFile; fileRef = 8464756D21FD780500A305C3 /* FiftyStudyViewController.xib */; };
		8464757221FD798A00A305C3 /* ReaderManager.m in Sources */ = {isa = PBXBuildFile; fileRef = 8464757121FD798A00A305C3 /* ReaderManager.m */; };
		8464758A21FD7D9700A305C3 /* JSONValueTransformer.m in Sources */ = {isa = PBXBuildFile; fileRef = 8464757521FD7D9700A305C3 /* JSONValueTransformer.m */; };
		8464758B21FD7D9700A305C3 /* JSONKeyMapper.m in Sources */ = {isa = PBXBuildFile; fileRef = 8464757821FD7D9700A305C3 /* JSONKeyMapper.m */; };
		8464758C21FD7D9700A305C3 /* JSONModel.m in Sources */ = {isa = PBXBuildFile; fileRef = 8464757A21FD7D9700A305C3 /* JSONModel.m */; };
		8464758D21FD7D9700A305C3 /* JSONModelError.m in Sources */ = {isa = PBXBuildFile; fileRef = 8464757B21FD7D9700A305C3 /* JSONModelError.m */; };
		8464758E21FD7D9700A305C3 /* JSONModelClassProperty.m in Sources */ = {isa = PBXBuildFile; fileRef = 8464757E21FD7D9700A305C3 /* JSONModelClassProperty.m */; };
		8464759021FD7D9700A305C3 /* JSONHTTPClient.m in Sources */ = {isa = PBXBuildFile; fileRef = 8464758421FD7D9700A305C3 /* JSONHTTPClient.m */; };
		8464759121FD7D9700A305C3 /* JSONAPI.m in Sources */ = {isa = PBXBuildFile; fileRef = 8464758521FD7D9700A305C3 /* JSONAPI.m */; };
		8464759221FD7D9700A305C3 /* JSONModel+networking.m in Sources */ = {isa = PBXBuildFile; fileRef = 8464758921FD7D9700A305C3 /* JSONModel+networking.m */; };
		8464759521FD7DB900A305C3 /* FiftyModel.m in Sources */ = {isa = PBXBuildFile; fileRef = 8464759421FD7DB900A305C3 /* FiftyModel.m */; };
		8464759B21FD82F900A305C3 /* FiftyStudyMainView.m in Sources */ = {isa = PBXBuildFile; fileRef = 8464759A21FD82F900A305C3 /* FiftyStudyMainView.m */; };
		8464759D21FD832900A305C3 /* FiftyStudyMainView.xib in Resources */ = {isa = PBXBuildFile; fileRef = 8464759C21FD832900A305C3 /* FiftyStudyMainView.xib */; };
		846475A221FD84CA00A305C3 /* FiftyStudyCollectionViewCell.m in Sources */ = {isa = PBXBuildFile; fileRef = 846475A021FD84CA00A305C3 /* FiftyStudyCollectionViewCell.m */; };
		846475A321FD84CA00A305C3 /* FiftyStudyCollectionViewCell.xib in Resources */ = {isa = PBXBuildFile; fileRef = 846475A121FD84CA00A305C3 /* FiftyStudyCollectionViewCell.xib */; };
		849F3BAB2208375400E791A3 /* FiftyTestInputCollectionViewCell.m in Sources */ = {isa = PBXBuildFile; fileRef = 849F3BA92208375400E791A3 /* FiftyTestInputCollectionViewCell.m */; };
		849F3BAC2208375400E791A3 /* FiftyTestInputCollectionViewCell.xib in Resources */ = {isa = PBXBuildFile; fileRef = 849F3BAA2208375400E791A3 /* FiftyTestInputCollectionViewCell.xib */; };
		84AA37C022171A5F00959B50 /* WordsMainViewController.m in Sources */ = {isa = PBXBuildFile; fileRef = 84AA37BE22171A5F00959B50 /* WordsMainViewController.m */; };
		84AA37C122171A5F00959B50 /* WordsMainViewController.xib in Resources */ = {isa = PBXBuildFile; fileRef = 84AA37BF22171A5F00959B50 /* WordsMainViewController.xib */; };
		84AA37C422171B2F00959B50 /* WordsTestMainView.m in Sources */ = {isa = PBXBuildFile; fileRef = 84AA37C322171B2F00959B50 /* WordsTestMainView.m */; };
		84AA37C622171B3900959B50 /* WordsTestMainView.xib in Resources */ = {isa = PBXBuildFile; fileRef = 84AA37C522171B3900959B50 /* WordsTestMainView.xib */; };
/* End PBXBuildFile section */

/* Begin PBXContainerItemProxy section */
		840CF52021F88AE70036E0C2 /* PBXContainerItemProxy */ = {
			isa = PBXContainerItemProxy;
			containerPortal = 840CF4FF21F88AE40036E0C2 /* Project object */;
			proxyType = 1;
			remoteGlobalIDString = 840CF50621F88AE40036E0C2;
			remoteInfo = JapaneseLearning;
		};
		840CF52B21F88AE70036E0C2 /* PBXContainerItemProxy */ = {
			isa = PBXContainerItemProxy;
			containerPortal = 840CF4FF21F88AE40036E0C2 /* Project object */;
			proxyType = 1;
			remoteGlobalIDString = 840CF50621F88AE40036E0C2;
			remoteInfo = JapaneseLearning;
		};
/* End PBXContainerItemProxy section */

/* Begin PBXFileReference section */
		840CF50721F88AE40036E0C2 /* JapaneseLearning.app */ = {isa = PBXFileReference; explicitFileType = wrapper.application; includeInIndex = 0; path = JapaneseLearning.app; sourceTree = BUILT_PRODUCTS_DIR; };
		840CF50A21F88AE40036E0C2 /* AppDelegate.h */ = {isa = PBXFileReference; lastKnownFileType = sourcecode.c.h; path = AppDelegate.h; sourceTree = "<group>"; };
		840CF50B21F88AE40036E0C2 /* AppDelegate.m */ = {isa = PBXFileReference; lastKnownFileType = sourcecode.c.objc; path = AppDelegate.m; sourceTree = "<group>"; };
		840CF50D21F88AE40036E0C2 /* ViewController.h */ = {isa = PBXFileReference; lastKnownFileType = sourcecode.c.h; path = ViewController.h; sourceTree = "<group>"; };
		840CF50E21F88AE40036E0C2 /* ViewController.m */ = {isa = PBXFileReference; lastKnownFileType = sourcecode.c.objc; path = ViewController.m; sourceTree = "<group>"; };
		840CF51121F88AE40036E0C2 /* Base */ = {isa = PBXFileReference; lastKnownFileType = file.storyboard; name = Base; path = Base.lproj/Main.storyboard; sourceTree = "<group>"; };
		840CF51321F88AE70036E0C2 /* Assets.xcassets */ = {isa = PBXFileReference; lastKnownFileType = folder.assetcatalog; path = Assets.xcassets; sourceTree = "<group>"; };
		840CF51621F88AE70036E0C2 /* Base */ = {isa = PBXFileReference; lastKnownFileType = file.storyboard; name = Base; path = Base.lproj/LaunchScreen.storyboard; sourceTree = "<group>"; };
		840CF51821F88AE70036E0C2 /* Info.plist */ = {isa = PBXFileReference; lastKnownFileType = text.plist.xml; path = Info.plist; sourceTree = "<group>"; };
		840CF51921F88AE70036E0C2 /* main.m */ = {isa = PBXFileReference; lastKnownFileType = sourcecode.c.objc; path = main.m; sourceTree = "<group>"; };
		840CF51F21F88AE70036E0C2 /* JapaneseLearningTests.xctest */ = {isa = PBXFileReference; explicitFileType = wrapper.cfbundle; includeInIndex = 0; path = JapaneseLearningTests.xctest; sourceTree = BUILT_PRODUCTS_DIR; };
		840CF52321F88AE70036E0C2 /* JapaneseLearningTests.m */ = {isa = PBXFileReference; lastKnownFileType = sourcecode.c.objc; path = JapaneseLearningTests.m; sourceTree = "<group>"; };
		840CF52521F88AE70036E0C2 /* Info.plist */ = {isa = PBXFileReference; lastKnownFileType = text.plist.xml; path = Info.plist; sourceTree = "<group>"; };
		840CF52A21F88AE70036E0C2 /* JapaneseLearningUITests.xctest */ = {isa = PBXFileReference; explicitFileType = wrapper.cfbundle; includeInIndex = 0; path = JapaneseLearningUITests.xctest; sourceTree = BUILT_PRODUCTS_DIR; };
		840CF52E21F88AE70036E0C2 /* JapaneseLearningUITests.m */ = {isa = PBXFileReference; lastKnownFileType = sourcecode.c.objc; path = JapaneseLearningUITests.m; sourceTree = "<group>"; };
		840CF53021F88AE70036E0C2 /* Info.plist */ = {isa = PBXFileReference; lastKnownFileType = text.plist.xml; path = Info.plist; sourceTree = "<group>"; };
		840CF54421F88BA20036E0C2 /* BaseViewController.h */ = {isa = PBXFileReference; lastKnownFileType = sourcecode.c.h; path = BaseViewController.h; sourceTree = "<group>"; };
		840CF54521F88BA20036E0C2 /* BaseViewController.m */ = {isa = PBXFileReference; lastKnownFileType = sourcecode.c.objc; path = BaseViewController.m; sourceTree = "<group>"; };
		840CF54B21F88D020036E0C2 /* MainUIView.h */ = {isa = PBXFileReference; lastKnownFileType = sourcecode.c.h; path = MainUIView.h; sourceTree = "<group>"; };
		840CF54C21F88D020036E0C2 /* MainUIView.m */ = {isa = PBXFileReference; lastKnownFileType = sourcecode.c.objc; path = MainUIView.m; sourceTree = "<group>"; };
		840CF54E21F88D0D0036E0C2 /* MainUIView.xib */ = {isa = PBXFileReference; lastKnownFileType = file.xib; path = MainUIView.xib; sourceTree = "<group>"; };
		840CF55221F88E630036E0C2 /* SFFileManager.m */ = {isa = PBXFileReference; fileEncoding = 4; lastKnownFileType = sourcecode.c.objc; path = SFFileManager.m; sourceTree = "<group>"; };
		840CF55321F88E630036E0C2 /* SFFileManager.h */ = {isa = PBXFileReference; fileEncoding = 4; lastKnownFileType = sourcecode.c.h; path = SFFileManager.h; sourceTree = "<group>"; };
		840CF55621F88EA00036E0C2 /* JLHeader.pch */ = {isa = PBXFileReference; lastKnownFileType = sourcecode.c.h; path = JLHeader.pch; sourceTree = "<group>"; };
		840CF55721F88FCC0036E0C2 /* PropertySetting.h */ = {isa = PBXFileReference; lastKnownFileType = sourcecode.c.h; path = PropertySetting.h; sourceTree = "<group>"; };
		840CF55A21F891070036E0C2 /* IQTextView.m */ = {isa = PBXFileReference; fileEncoding = 4; lastKnownFileType = sourcecode.c.objc; path = IQTextView.m; sourceTree = "<group>"; };
		840CF55B21F891070036E0C2 /* IQTextView.h */ = {isa = PBXFileReference; fileEncoding = 4; lastKnownFileType = sourcecode.c.h; path = IQTextView.h; sourceTree = "<group>"; };
		840CF55D21F891070036E0C2 /* IQUIView+IQKeyboardToolbar.h */ = {isa = PBXFileReference; fileEncoding = 4; lastKnownFileType = sourcecode.c.h; path = "IQUIView+IQKeyboardToolbar.h"; sourceTree = "<group>"; };
		840CF55E21F891070036E0C2 /* IQToolbar.m */ = {isa = PBXFileReference; fileEncoding = 4; lastKnownFileType = sourcecode.c.objc; path = IQToolbar.m; sourceTree = "<group>"; };
		840CF55F21F891070036E0C2 /* IQPreviousNextView.h */ = {isa = PBXFileReference; fileEncoding = 4; lastKnownFileType = sourcecode.c.h; path = IQPreviousNextView.h; sourceTree = "<group>"; };
		840CF56021F891070036E0C2 /* IQTitleBarButtonItem.m */ = {isa = PBXFileReference; fileEncoding = 4; lastKnownFileType = sourcecode.c.objc; path = IQTitleBarButtonItem.m; sourceTree = "<group>"; };
		840CF56121F891070036E0C2 /* IQBarButtonItem.m */ = {isa = PBXFileReference; fileEncoding = 4; lastKnownFileType = sourcecode.c.objc; path = IQBarButtonItem.m; sourceTree = "<group>"; };
		840CF56221F891070036E0C2 /* IQUIView+IQKeyboardToolbar.m */ = {isa = PBXFileReference; fileEncoding = 4; lastKnownFileType = sourcecode.c.objc; path = "IQUIView+IQKeyboardToolbar.m"; sourceTree = "<group>"; };
		840CF56321F891070036E0C2 /* IQPreviousNextView.m */ = {isa = PBXFileReference; fileEncoding = 4; lastKnownFileType = sourcecode.c.objc; path = IQPreviousNextView.m; sourceTree = "<group>"; };
		840CF56421F891070036E0C2 /* IQToolbar.h */ = {isa = PBXFileReference; fileEncoding = 4; lastKnownFileType = sourcecode.c.h; path = IQToolbar.h; sourceTree = "<group>"; };
		840CF56521F891070036E0C2 /* IQBarButtonItem.h */ = {isa = PBXFileReference; fileEncoding = 4; lastKnownFileType = sourcecode.c.h; path = IQBarButtonItem.h; sourceTree = "<group>"; };
		840CF56621F891070036E0C2 /* IQTitleBarButtonItem.h */ = {isa = PBXFileReference; fileEncoding = 4; lastKnownFileType = sourcecode.c.h; path = IQTitleBarButtonItem.h; sourceTree = "<group>"; };
		840CF56821F891070036E0C2 /* IQKeyboardManagerConstantsInternal.h */ = {isa = PBXFileReference; fileEncoding = 4; lastKnownFileType = sourcecode.c.h; path = IQKeyboardManagerConstantsInternal.h; sourceTree = "<group>"; };
		840CF56921F891070036E0C2 /* IQKeyboardManagerConstants.h */ = {isa = PBXFileReference; fileEncoding = 4; lastKnownFileType = sourcecode.c.h; path = IQKeyboardManagerConstants.h; sourceTree = "<group>"; };
		840CF56B21F891070036E0C2 /* IQKeyboardManager.bundle */ = {isa = PBXFileReference; lastKnownFileType = "wrapper.plug-in"; path = IQKeyboardManager.bundle; sourceTree = "<group>"; };
		840CF56C21F891070036E0C2 /* IQKeyboardReturnKeyHandler.h */ = {isa = PBXFileReference; fileEncoding = 4; lastKnownFileType = sourcecode.c.h; path = IQKeyboardReturnKeyHandler.h; sourceTree = "<group>"; };
		840CF56D21F891070036E0C2 /* IQKeyboardManager.h */ = {isa = PBXFileReference; fileEncoding = 4; lastKnownFileType = sourcecode.c.h; path = IQKeyboardManager.h; sourceTree = "<group>"; };
		840CF56E21F891070036E0C2 /* IQKeyboardManager.m */ = {isa = PBXFileReference; fileEncoding = 4; lastKnownFileType = sourcecode.c.objc; path = IQKeyboardManager.m; sourceTree = "<group>"; };
		840CF57021F891070036E0C2 /* IQNSArray+Sort.m */ = {isa = PBXFileReference; fileEncoding = 4; lastKnownFileType = sourcecode.c.objc; path = "IQNSArray+Sort.m"; sourceTree = "<group>"; };
		840CF57121F891070036E0C2 /* IQUIViewController+Additions.h */ = {isa = PBXFileReference; fileEncoding = 4; lastKnownFileType = sourcecode.c.h; path = "IQUIViewController+Additions.h"; sourceTree = "<group>"; };
		840CF57221F891070036E0C2 /* IQUITextFieldView+Additions.m */ = {isa = PBXFileReference; fileEncoding = 4; lastKnownFileType = sourcecode.c.objc; path = "IQUITextFieldView+Additions.m"; sourceTree = "<group>"; };
		840CF57321F891070036E0C2 /* IQUIScrollView+Additions.m */ = {isa = PBXFileReference; fileEncoding = 4; lastKnownFileType = sourcecode.c.objc; path = "IQUIScrollView+Additions.m"; sourceTree = "<group>"; };
		840CF57421F891070036E0C2 /* IQUIView+Hierarchy.m */ = {isa = PBXFileReference; fileEncoding = 4; lastKnownFileType = sourcecode.c.objc; path = "IQUIView+Hierarchy.m"; sourceTree = "<group>"; };
		840CF57521F891070036E0C2 /* IQNSArray+Sort.h */ = {isa = PBXFileReference; fileEncoding = 4; lastKnownFileType = sourcecode.c.h; path = "IQNSArray+Sort.h"; sourceTree = "<group>"; };
		840CF57621F891070036E0C2 /* IQUIScrollView+Additions.h */ = {isa = PBXFileReference; fileEncoding = 4; lastKnownFileType = sourcecode.c.h; path = "IQUIScrollView+Additions.h"; sourceTree = "<group>"; };
		840CF57721F891070036E0C2 /* IQUITextFieldView+Additions.h */ = {isa = PBXFileReference; fileEncoding = 4; lastKnownFileType = sourcecode.c.h; path = "IQUITextFieldView+Additions.h"; sourceTree = "<group>"; };
		840CF57821F891070036E0C2 /* IQUIViewController+Additions.m */ = {isa = PBXFileReference; fileEncoding = 4; lastKnownFileType = sourcecode.c.objc; path = "IQUIViewController+Additions.m"; sourceTree = "<group>"; };
		840CF57921F891070036E0C2 /* IQUIView+Hierarchy.h */ = {isa = PBXFileReference; fileEncoding = 4; lastKnownFileType = sourcecode.c.h; path = "IQUIView+Hierarchy.h"; sourceTree = "<group>"; };
		840CF57A21F891070036E0C2 /* IQKeyboardReturnKeyHandler.m */ = {isa = PBXFileReference; fileEncoding = 4; lastKnownFileType = sourcecode.c.objc; path = IQKeyboardReturnKeyHandler.m; sourceTree = "<group>"; };
		840CF57D21F891070036E0C2 /* MBProgressHUD.m */ = {isa = PBXFileReference; fileEncoding = 4; lastKnownFileType = sourcecode.c.objc; path = MBProgressHUD.m; sourceTree = "<group>"; };
		840CF57E21F891070036E0C2 /* MBProgressHUD.h */ = {isa = PBXFileReference; fileEncoding = 4; lastKnownFileType = sourcecode.c.h; path = MBProgressHUD.h; sourceTree = "<group>"; };
		840CF58E21F891480036E0C2 /* UIButton+SFButton.h */ = {isa = PBXFileReference; fileEncoding = 4; lastKnownFileType = sourcecode.c.h; path = "UIButton+SFButton.h"; sourceTree = "<group>"; };
		840CF58F21F891480036E0C2 /* UIButton+SFButton.m */ = {isa = PBXFileReference; fileEncoding = 4; lastKnownFileType = sourcecode.c.objc; path = "UIButton+SFButton.m"; sourceTree = "<group>"; };
		840CF59121F891740036E0C2 /* UIView+SFView.h */ = {isa = PBXFileReference; lastKnownFileType = sourcecode.c.h; path = "UIView+SFView.h"; sourceTree = "<group>"; };
		840CF59221F891740036E0C2 /* UIView+SFView.m */ = {isa = PBXFileReference; lastKnownFileType = sourcecode.c.objc; path = "UIView+SFView.m"; sourceTree = "<group>"; };
		840CF59821F892640036E0C2 /* MainViewController.h */ = {isa = PBXFileReference; lastKnownFileType = sourcecode.c.h; path = MainViewController.h; sourceTree = "<group>"; };
		840CF59921F892640036E0C2 /* MainViewController.m */ = {isa = PBXFileReference; lastKnownFileType = sourcecode.c.objc; path = MainViewController.m; sourceTree = "<group>"; };
		840CF59B21F8958D0036E0C2 /* BaseView.h */ = {isa = PBXFileReference; lastKnownFileType = sourcecode.c.h; path = BaseView.h; sourceTree = "<group>"; };
		840CF59C21F8958D0036E0C2 /* BaseView.m */ = {isa = PBXFileReference; lastKnownFileType = sourcecode.c.objc; path = BaseView.m; sourceTree = "<group>"; };
		840CF59E21F8988C0036E0C2 /* FIftyMainViewController.h */ = {isa = PBXFileReference; lastKnownFileType = sourcecode.c.h; path = FIftyMainViewController.h; sourceTree = "<group>"; };
		840CF59F21F8988C0036E0C2 /* FIftyMainViewController.m */ = {isa = PBXFileReference; lastKnownFileType = sourcecode.c.objc; path = FIftyMainViewController.m; sourceTree = "<group>"; };
		840CF5A021F8988C0036E0C2 /* FIftyMainViewController.xib */ = {isa = PBXFileReference; lastKnownFileType = file.xib; path = FIftyMainViewController.xib; sourceTree = "<group>"; };
		840CF5A321F899560036E0C2 /* TopView.h */ = {isa = PBXFileReference; lastKnownFileType = sourcecode.c.h; path = TopView.h; sourceTree = "<group>"; };
		840CF5A421F899560036E0C2 /* TopView.m */ = {isa = PBXFileReference; lastKnownFileType = sourcecode.c.objc; path = TopView.m; sourceTree = "<group>"; };
		840CF5A621F8995F0036E0C2 /* TopView.xib */ = {isa = PBXFileReference; lastKnownFileType = file.xib; path = TopView.xib; sourceTree = "<group>"; };
		840CF5AA21F89BF00036E0C2 /* back.png */ = {isa = PBXFileReference; lastKnownFileType = image.png; path = back.png; sourceTree = "<group>"; };
		841D36612201D2200055079E /* FiftyTestViewController.h */ = {isa = PBXFileReference; lastKnownFileType = sourcecode.c.h; path = FiftyTestViewController.h; sourceTree = "<group>"; };
		841D36622201D2200055079E /* FiftyTestViewController.m */ = {isa = PBXFileReference; lastKnownFileType = sourcecode.c.objc; path = FiftyTestViewController.m; sourceTree = "<group>"; };
		841D36632201D2200055079E /* FiftyTestViewController.xib */ = {isa = PBXFileReference; lastKnownFileType = file.xib; path = FiftyTestViewController.xib; sourceTree = "<group>"; };
		841D36662201D3620055079E /* FiftyTestPianBtnCollectionViewCell.h */ = {isa = PBXFileReference; lastKnownFileType = sourcecode.c.h; path = FiftyTestPianBtnCollectionViewCell.h; sourceTree = "<group>"; };
		841D36672201D3620055079E /* FiftyTestPianBtnCollectionViewCell.m */ = {isa = PBXFileReference; lastKnownFileType = sourcecode.c.objc; path = FiftyTestPianBtnCollectionViewCell.m; sourceTree = "<group>"; };
		841D36682201D3620055079E /* FiftyTestPianBtnCollectionViewCell.xib */ = {isa = PBXFileReference; lastKnownFileType = file.xib; path = FiftyTestPianBtnCollectionViewCell.xib; sourceTree = "<group>"; };
		841D366B22028E570055079E /* QuestDataManager.h */ = {isa = PBXFileReference; lastKnownFileType = sourcecode.c.h; path = QuestDataManager.h; sourceTree = "<group>"; };
		841D366C22028E570055079E /* QuestDataManager.m */ = {isa = PBXFileReference; lastKnownFileType = sourcecode.c.objc; path = QuestDataManager.m; sourceTree = "<group>"; };
		841D366E2202945A0055079E /* QuestionMsgHeader.h */ = {isa = PBXFileReference; lastKnownFileType = sourcecode.c.h; path = QuestionMsgHeader.h; sourceTree = "<group>"; };
		841D366F220295050055079E /* FiftyTestMainView.h */ = {isa = PBXFileReference; lastKnownFileType = sourcecode.c.h; path = FiftyTestMainView.h; sourceTree = "<group>"; };
		841D3670220295050055079E /* FiftyTestMainView.m */ = {isa = PBXFileReference; lastKnownFileType = sourcecode.c.objc; path = FiftyTestMainView.m; sourceTree = "<group>"; };
		841D3672220295210055079E /* FiftyTestMainView.xib */ = {isa = PBXFileReference; lastKnownFileType = file.xib; path = FiftyTestMainView.xib; sourceTree = "<group>"; };
		8427A64121F8BAE800A90DCF /* Language.plist */ = {isa = PBXFileReference; lastKnownFileType = text.plist.xml; path = Language.plist; sourceTree = "<group>"; };
		8427A64321F96D2000A90DCF /* FiftyMainView.h */ = {isa = PBXFileReference; lastKnownFileType = sourcecode.c.h; path = FiftyMainView.h; sourceTree = "<group>"; };
		8427A64421F96D2000A90DCF /* FiftyMainView.m */ = {isa = PBXFileReference; lastKnownFileType = sourcecode.c.objc; path = FiftyMainView.m; sourceTree = "<group>"; };
		8427A64621F96D2B00A90DCF /* FiftyMainView.xib */ = {isa = PBXFileReference; lastKnownFileType = file.xib; path = FiftyMainView.xib; sourceTree = "<group>"; };
		8435BD7421FD8DB500DD0BB9 /* MASCompositeConstraint.h */ = {isa = PBXFileReference; fileEncoding = 4; lastKnownFileType = sourcecode.c.h; path = MASCompositeConstraint.h; sourceTree = "<group>"; };
		8435BD7521FD8DB500DD0BB9 /* NSLayoutConstraint+MASDebugAdditions.m */ = {isa = PBXFileReference; fileEncoding = 4; lastKnownFileType = sourcecode.c.objc; path = "NSLayoutConstraint+MASDebugAdditions.m"; sourceTree = "<group>"; };
		8435BD7621FD8DB500DD0BB9 /* MASConstraint+Private.h */ = {isa = PBXFileReference; fileEncoding = 4; lastKnownFileType = sourcecode.c.h; path = "MASConstraint+Private.h"; sourceTree = "<group>"; };
		8435BD7721FD8DB500DD0BB9 /* MASLayoutConstraint.h */ = {isa = PBXFileReference; fileEncoding = 4; lastKnownFileType = sourcecode.c.h; path = MASLayoutConstraint.h; sourceTree = "<group>"; };
		8435BD7821FD8DB500DD0BB9 /* NSArray+MASShorthandAdditions.h */ = {isa = PBXFileReference; fileEncoding = 4; lastKnownFileType = sourcecode.c.h; path = "NSArray+MASShorthandAdditions.h"; sourceTree = "<group>"; };
		8435BD7921FD8DB500DD0BB9 /* MASConstraintMaker.h */ = {isa = PBXFileReference; fileEncoding = 4; lastKnownFileType = sourcecode.c.h; path = MASConstraintMaker.h; sourceTree = "<group>"; };
		8435BD7A21FD8DB500DD0BB9 /* View+MASAdditions.h */ = {isa = PBXFileReference; fileEncoding = 4; lastKnownFileType = sourcecode.c.h; path = "View+MASAdditions.h"; sourceTree = "<group>"; };
		8435BD7B21FD8DB500DD0BB9 /* NSArray+MASAdditions.h */ = {isa = PBXFileReference; fileEncoding = 4; lastKnownFileType = sourcecode.c.h; path = "NSArray+MASAdditions.h"; sourceTree = "<group>"; };
		8435BD7C21FD8DB500DD0BB9 /* MASUtilities.h */ = {isa = PBXFileReference; fileEncoding = 4; lastKnownFileType = sourcecode.c.h; path = MASUtilities.h; sourceTree = "<group>"; };
		8435BD7D21FD8DB500DD0BB9 /* MASViewAttribute.h */ = {isa = PBXFileReference; fileEncoding = 4; lastKnownFileType = sourcecode.c.h; path = MASViewAttribute.h; sourceTree = "<group>"; };
		8435BD7E21FD8DB500DD0BB9 /* ViewController+MASAdditions.m */ = {isa = PBXFileReference; fileEncoding = 4; lastKnownFileType = sourcecode.c.objc; path = "ViewController+MASAdditions.m"; sourceTree = "<group>"; };
		8435BD7F21FD8DB500DD0BB9 /* MASViewConstraint.h */ = {isa = PBXFileReference; fileEncoding = 4; lastKnownFileType = sourcecode.c.h; path = MASViewConstraint.h; sourceTree = "<group>"; };
		8435BD8021FD8DB500DD0BB9 /* MASConstraint.h */ = {isa = PBXFileReference; fileEncoding = 4; lastKnownFileType = sourcecode.c.h; path = MASConstraint.h; sourceTree = "<group>"; };
		8435BD8121FD8DB500DD0BB9 /* NSLayoutConstraint+MASDebugAdditions.h */ = {isa = PBXFileReference; fileEncoding = 4; lastKnownFileType = sourcecode.c.h; path = "NSLayoutConstraint+MASDebugAdditions.h"; sourceTree = "<group>"; };
		8435BD8221FD8DB500DD0BB9 /* MASCompositeConstraint.m */ = {isa = PBXFileReference; fileEncoding = 4; lastKnownFileType = sourcecode.c.objc; path = MASCompositeConstraint.m; sourceTree = "<group>"; };
		8435BD8321FD8DB500DD0BB9 /* MASConstraintMaker.m */ = {isa = PBXFileReference; fileEncoding = 4; lastKnownFileType = sourcecode.c.objc; path = MASConstraintMaker.m; sourceTree = "<group>"; };
		8435BD8421FD8DB500DD0BB9 /* MASLayoutConstraint.m */ = {isa = PBXFileReference; fileEncoding = 4; lastKnownFileType = sourcecode.c.objc; path = MASLayoutConstraint.m; sourceTree = "<group>"; };
		8435BD8521FD8DB500DD0BB9 /* NSArray+MASAdditions.m */ = {isa = PBXFileReference; fileEncoding = 4; lastKnownFileType = sourcecode.c.objc; path = "NSArray+MASAdditions.m"; sourceTree = "<group>"; };
		8435BD8621FD8DB500DD0BB9 /* View+MASAdditions.m */ = {isa = PBXFileReference; fileEncoding = 4; lastKnownFileType = sourcecode.c.objc; path = "View+MASAdditions.m"; sourceTree = "<group>"; };
		8435BD8721FD8DB500DD0BB9 /* View+MASShorthandAdditions.h */ = {isa = PBXFileReference; fileEncoding = 4; lastKnownFileType = sourcecode.c.h; path = "View+MASShorthandAdditions.h"; sourceTree = "<group>"; };
		8435BD8821FD8DB500DD0BB9 /* Masonry.h */ = {isa = PBXFileReference; fileEncoding = 4; lastKnownFileType = sourcecode.c.h; path = Masonry.h; sourceTree = "<group>"; };
		8435BD8921FD8DB500DD0BB9 /* MASConstraint.m */ = {isa = PBXFileReference; fileEncoding = 4; lastKnownFileType = sourcecode.c.objc; path = MASConstraint.m; sourceTree = "<group>"; };
		8435BD8A21FD8DB500DD0BB9 /* ViewController+MASAdditions.h */ = {isa = PBXFileReference; fileEncoding = 4; lastKnownFileType = sourcecode.c.h; path = "ViewController+MASAdditions.h"; sourceTree = "<group>"; };
		8435BD8B21FD8DB500DD0BB9 /* MASViewConstraint.m */ = {isa = PBXFileReference; fileEncoding = 4; lastKnownFileType = sourcecode.c.objc; path = MASViewConstraint.m; sourceTree = "<group>"; };
		8435BD8C21FD8DB500DD0BB9 /* MASViewAttribute.m */ = {isa = PBXFileReference; fileEncoding = 4; lastKnownFileType = sourcecode.c.objc; path = MASViewAttribute.m; sourceTree = "<group>"; };
		8464756B21FD780500A305C3 /* FiftyStudyViewController.h */ = {isa = PBXFileReference; lastKnownFileType = sourcecode.c.h; path = FiftyStudyViewController.h; sourceTree = "<group>"; };
		8464756C21FD780500A305C3 /* FiftyStudyViewController.m */ = {isa = PBXFileReference; lastKnownFileType = sourcecode.c.objc; path = FiftyStudyViewController.m; sourceTree = "<group>"; };
		8464756D21FD780500A305C3 /* FiftyStudyViewController.xib */ = {isa = PBXFileReference; lastKnownFileType = file.xib; path = FiftyStudyViewController.xib; sourceTree = "<group>"; };
		8464757021FD798A00A305C3 /* ReaderManager.h */ = {isa = PBXFileReference; lastKnownFileType = sourcecode.c.h; path = ReaderManager.h; sourceTree = "<group>"; };
		8464757121FD798A00A305C3 /* ReaderManager.m */ = {isa = PBXFileReference; lastKnownFileType = sourcecode.c.objc; path = ReaderManager.m; sourceTree = "<group>"; };
		8464757521FD7D9700A305C3 /* JSONValueTransformer.m */ = {isa = PBXFileReference; fileEncoding = 4; lastKnownFileType = sourcecode.c.objc; path = JSONValueTransformer.m; sourceTree = "<group>"; };
		8464757621FD7D9700A305C3 /* JSONKeyMapper.h */ = {isa = PBXFileReference; fileEncoding = 4; lastKnownFileType = sourcecode.c.h; path = JSONKeyMapper.h; sourceTree = "<group>"; };
		8464757721FD7D9700A305C3 /* JSONValueTransformer.h */ = {isa = PBXFileReference; fileEncoding = 4; lastKnownFileType = sourcecode.c.h; path = JSONValueTransformer.h; sourceTree = "<group>"; };
		8464757821FD7D9700A305C3 /* JSONKeyMapper.m */ = {isa = PBXFileReference; fileEncoding = 4; lastKnownFileType = sourcecode.c.objc; path = JSONKeyMapper.m; sourceTree = "<group>"; };
		8464757A21FD7D9700A305C3 /* JSONModel.m */ = {isa = PBXFileReference; fileEncoding = 4; lastKnownFileType = sourcecode.c.objc; path = JSONModel.m; sourceTree = "<group>"; };
		8464757B21FD7D9700A305C3 /* JSONModelError.m */ = {isa = PBXFileReference; fileEncoding = 4; lastKnownFileType = sourcecode.c.objc; path = JSONModelError.m; sourceTree = "<group>"; };
		8464757C21FD7D9700A305C3 /* JSONModelClassProperty.h */ = {isa = PBXFileReference; fileEncoding = 4; lastKnownFileType = sourcecode.c.h; path = JSONModelClassProperty.h; sourceTree = "<group>"; };
		8464757D21FD7D9700A305C3 /* JSONModel.h */ = {isa = PBXFileReference; fileEncoding = 4; lastKnownFileType = sourcecode.c.h; path = JSONModel.h; sourceTree = "<group>"; };
		8464757E21FD7D9700A305C3 /* JSONModelClassProperty.m */ = {isa = PBXFileReference; fileEncoding = 4; lastKnownFileType = sourcecode.c.objc; path = JSONModelClassProperty.m; sourceTree = "<group>"; };
		8464757F21FD7D9700A305C3 /* JSONModelError.h */ = {isa = PBXFileReference; fileEncoding = 4; lastKnownFileType = sourcecode.c.h; path = JSONModelError.h; sourceTree = "<group>"; };
		8464758021FD7D9700A305C3 /* JSONModel.modulemap */ = {isa = PBXFileReference; fileEncoding = 4; lastKnownFileType = "sourcecode.module-map"; path = JSONModel.modulemap; sourceTree = "<group>"; };
		8464758221FD7D9700A305C3 /* JSONModelLib.h */ = {isa = PBXFileReference; fileEncoding = 4; lastKnownFileType = sourcecode.c.h; path = JSONModelLib.h; sourceTree = "<group>"; };
		8464758421FD7D9700A305C3 /* JSONHTTPClient.m */ = {isa = PBXFileReference; fileEncoding = 4; lastKnownFileType = sourcecode.c.objc; path = JSONHTTPClient.m; sourceTree = "<group>"; };
		8464758521FD7D9700A305C3 /* JSONAPI.m */ = {isa = PBXFileReference; fileEncoding = 4; lastKnownFileType = sourcecode.c.objc; path = JSONAPI.m; sourceTree = "<group>"; };
		8464758621FD7D9700A305C3 /* JSONModel+networking.h */ = {isa = PBXFileReference; fileEncoding = 4; lastKnownFileType = sourcecode.c.h; path = "JSONModel+networking.h"; sourceTree = "<group>"; };
		8464758721FD7D9700A305C3 /* JSONHTTPClient.h */ = {isa = PBXFileReference; fileEncoding = 4; lastKnownFileType = sourcecode.c.h; path = JSONHTTPClient.h; sourceTree = "<group>"; };
		8464758821FD7D9700A305C3 /* JSONAPI.h */ = {isa = PBXFileReference; fileEncoding = 4; lastKnownFileType = sourcecode.c.h; path = JSONAPI.h; sourceTree = "<group>"; };
		8464758921FD7D9700A305C3 /* JSONModel+networking.m */ = {isa = PBXFileReference; fileEncoding = 4; lastKnownFileType = sourcecode.c.objc; path = "JSONModel+networking.m"; sourceTree = "<group>"; };
		8464759321FD7DB900A305C3 /* FiftyModel.h */ = {isa = PBXFileReference; lastKnownFileType = sourcecode.c.h; path = FiftyModel.h; sourceTree = "<group>"; };
		8464759421FD7DB900A305C3 /* FiftyModel.m */ = {isa = PBXFileReference; lastKnownFileType = sourcecode.c.objc; path = FiftyModel.m; sourceTree = "<group>"; };
		8464759921FD82F900A305C3 /* FiftyStudyMainView.h */ = {isa = PBXFileReference; lastKnownFileType = sourcecode.c.h; path = FiftyStudyMainView.h; sourceTree = "<group>"; };
		8464759A21FD82F900A305C3 /* FiftyStudyMainView.m */ = {isa = PBXFileReference; lastKnownFileType = sourcecode.c.objc; path = FiftyStudyMainView.m; sourceTree = "<group>"; };
		8464759C21FD832900A305C3 /* FiftyStudyMainView.xib */ = {isa = PBXFileReference; lastKnownFileType = file.xib; path = FiftyStudyMainView.xib; sourceTree = "<group>"; };
		8464759F21FD84CA00A305C3 /* FiftyStudyCollectionViewCell.h */ = {isa = PBXFileReference; lastKnownFileType = sourcecode.c.h; path = FiftyStudyCollectionViewCell.h; sourceTree = "<group>"; };
		846475A021FD84CA00A305C3 /* FiftyStudyCollectionViewCell.m */ = {isa = PBXFileReference; lastKnownFileType = sourcecode.c.objc; path = FiftyStudyCollectionViewCell.m; sourceTree = "<group>"; };
		846475A121FD84CA00A305C3 /* FiftyStudyCollectionViewCell.xib */ = {isa = PBXFileReference; lastKnownFileType = file.xib; path = FiftyStudyCollectionViewCell.xib; sourceTree = "<group>"; };
		849F3BA82208375400E791A3 /* FiftyTestInputCollectionViewCell.h */ = {isa = PBXFileReference; lastKnownFileType = sourcecode.c.h; path = FiftyTestInputCollectionViewCell.h; sourceTree = "<group>"; };
		849F3BA92208375400E791A3 /* FiftyTestInputCollectionViewCell.m */ = {isa = PBXFileReference; lastKnownFileType = sourcecode.c.objc; path = FiftyTestInputCollectionViewCell.m; sourceTree = "<group>"; };
		849F3BAA2208375400E791A3 /* FiftyTestInputCollectionViewCell.xib */ = {isa = PBXFileReference; lastKnownFileType = file.xib; path = FiftyTestInputCollectionViewCell.xib; sourceTree = "<group>"; };
		84AA37BD22171A5F00959B50 /* WordsMainViewController.h */ = {isa = PBXFileReference; lastKnownFileType = sourcecode.c.h; path = WordsMainViewController.h; sourceTree = "<group>"; };
		84AA37BE22171A5F00959B50 /* WordsMainViewController.m */ = {isa = PBXFileReference; lastKnownFileType = sourcecode.c.objc; path = WordsMainViewController.m; sourceTree = "<group>"; };
		84AA37BF22171A5F00959B50 /* WordsMainViewController.xib */ = {isa = PBXFileReference; lastKnownFileType = file.xib; path = WordsMainViewController.xib; sourceTree = "<group>"; };
		84AA37C222171B2F00959B50 /* WordsTestMainView.h */ = {isa = PBXFileReference; lastKnownFileType = sourcecode.c.h; path = WordsTestMainView.h; sourceTree = "<group>"; };
		84AA37C322171B2F00959B50 /* WordsTestMainView.m */ = {isa = PBXFileReference; lastKnownFileType = sourcecode.c.objc; path = WordsTestMainView.m; sourceTree = "<group>"; };
		84AA37C522171B3900959B50 /* WordsTestMainView.xib */ = {isa = PBXFileReference; lastKnownFileType = file.xib; path = WordsTestMainView.xib; sourceTree = "<group>"; };
		84F1A4E62201CB7100639394 /* EnumHeader.h */ = {isa = PBXFileReference; lastKnownFileType = sourcecode.c.h; path = EnumHeader.h; sourceTree = "<group>"; };
/* End PBXFileReference section */

/* Begin PBXFrameworksBuildPhase section */
		840CF50421F88AE40036E0C2 /* Frameworks */ = {
			isa = PBXFrameworksBuildPhase;
			buildActionMask = 2147483647;
			files = (
			);
			runOnlyForDeploymentPostprocessing = 0;
		};
		840CF51C21F88AE70036E0C2 /* Frameworks */ = {
			isa = PBXFrameworksBuildPhase;
			buildActionMask = 2147483647;
			files = (
			);
			runOnlyForDeploymentPostprocessing = 0;
		};
		840CF52721F88AE70036E0C2 /* Frameworks */ = {
			isa = PBXFrameworksBuildPhase;
			buildActionMask = 2147483647;
			files = (
			);
			runOnlyForDeploymentPostprocessing = 0;
		};
/* End PBXFrameworksBuildPhase section */

/* Begin PBXGroup section */
		840CF4FE21F88AE40036E0C2 = {
			isa = PBXGroup;
			children = (
				840CF50921F88AE40036E0C2 /* JapaneseLearning */,
				840CF52221F88AE70036E0C2 /* JapaneseLearningTests */,
				840CF52D21F88AE70036E0C2 /* JapaneseLearningUITests */,
				840CF50821F88AE40036E0C2 /* Products */,
			);
			sourceTree = "<group>";
		};
		840CF50821F88AE40036E0C2 /* Products */ = {
			isa = PBXGroup;
			children = (
				840CF50721F88AE40036E0C2 /* JapaneseLearning.app */,
				840CF51F21F88AE70036E0C2 /* JapaneseLearningTests.xctest */,
				840CF52A21F88AE70036E0C2 /* JapaneseLearningUITests.xctest */,
			);
			name = Products;
			sourceTree = "<group>";
		};
		840CF50921F88AE40036E0C2 /* JapaneseLearning */ = {
			isa = PBXGroup;
			children = (
				840CF50A21F88AE40036E0C2 /* AppDelegate.h */,
				840CF50B21F88AE40036E0C2 /* AppDelegate.m */,
				840CF50D21F88AE40036E0C2 /* ViewController.h */,
				840CF50E21F88AE40036E0C2 /* ViewController.m */,
				840CF51021F88AE40036E0C2 /* Main.storyboard */,
				84AA37B922171A4500959B50 /* Words */,
				840CF5A821F89BF00036E0C2 /* Resources */,
				840CF59421F8924E0036E0C2 /* Main */,
				840CF55521F88E890036E0C2 /* Header */,
				840CF55021F88D3E0036E0C2 /* Third */,
				840CF53C21F88B8D0036E0C2 /* Base */,
				840CF54021F88B8D0036E0C2 /* Fifty */,
				840CF51321F88AE70036E0C2 /* Assets.xcassets */,
				840CF51521F88AE70036E0C2 /* LaunchScreen.storyboard */,
				840CF51821F88AE70036E0C2 /* Info.plist */,
				840CF51921F88AE70036E0C2 /* main.m */,
			);
			path = JapaneseLearning;
			sourceTree = "<group>";
		};
		840CF52221F88AE70036E0C2 /* JapaneseLearningTests */ = {
			isa = PBXGroup;
			children = (
				840CF52321F88AE70036E0C2 /* JapaneseLearningTests.m */,
				840CF52521F88AE70036E0C2 /* Info.plist */,
			);
			path = JapaneseLearningTests;
			sourceTree = "<group>";
		};
		840CF52D21F88AE70036E0C2 /* JapaneseLearningUITests */ = {
			isa = PBXGroup;
			children = (
				840CF52E21F88AE70036E0C2 /* JapaneseLearningUITests.m */,
				840CF53021F88AE70036E0C2 /* Info.plist */,
			);
			path = JapaneseLearningUITests;
			sourceTree = "<group>";
		};
		840CF53C21F88B8D0036E0C2 /* Base */ = {
			isa = PBXGroup;
			children = (
				840CF53D21F88B8D0036E0C2 /* Controller */,
				840CF53E21F88B8D0036E0C2 /* Model */,
				840CF53F21F88B8D0036E0C2 /* View */,
			);
			path = Base;
			sourceTree = "<group>";
		};
		840CF53D21F88B8D0036E0C2 /* Controller */ = {
			isa = PBXGroup;
			children = (
				840CF54421F88BA20036E0C2 /* BaseViewController.h */,
				840CF54521F88BA20036E0C2 /* BaseViewController.m */,
			);
			path = Controller;
			sourceTree = "<group>";
		};
		840CF53E21F88B8D0036E0C2 /* Model */ = {
			isa = PBXGroup;
			children = (
				8464757021FD798A00A305C3 /* ReaderManager.h */,
				8464757121FD798A00A305C3 /* ReaderManager.m */,
				841D366B22028E570055079E /* QuestDataManager.h */,
				841D366C22028E570055079E /* QuestDataManager.m */,
			);
			path = Model;
			sourceTree = "<group>";
		};
		840CF53F21F88B8D0036E0C2 /* View */ = {
			isa = PBXGroup;
			children = (
				840CF59B21F8958D0036E0C2 /* BaseView.h */,
				840CF59C21F8958D0036E0C2 /* BaseView.m */,
			);
			path = View;
			sourceTree = "<group>";
		};
		840CF54021F88B8D0036E0C2 /* Fifty */ = {
			isa = PBXGroup;
			children = (
				840CF54121F88B8D0036E0C2 /* Controller */,
				840CF54221F88B8D0036E0C2 /* Model */,
				840CF54321F88B8D0036E0C2 /* View */,
			);
			path = Fifty;
			sourceTree = "<group>";
		};
		840CF54121F88B8D0036E0C2 /* Controller */ = {
			isa = PBXGroup;
			children = (
				840CF59E21F8988C0036E0C2 /* FIftyMainViewController.h */,
				840CF59F21F8988C0036E0C2 /* FIftyMainViewController.m */,
				840CF5A021F8988C0036E0C2 /* FIftyMainViewController.xib */,
				8464756B21FD780500A305C3 /* FiftyStudyViewController.h */,
				8464756C21FD780500A305C3 /* FiftyStudyViewController.m */,
				8464756D21FD780500A305C3 /* FiftyStudyViewController.xib */,
				841D36612201D2200055079E /* FiftyTestViewController.h */,
				841D36622201D2200055079E /* FiftyTestViewController.m */,
				841D36632201D2200055079E /* FiftyTestViewController.xib */,
			);
			path = Controller;
			sourceTree = "<group>";
		};
		840CF54221F88B8D0036E0C2 /* Model */ = {
			isa = PBXGroup;
			children = (
				8464759321FD7DB900A305C3 /* FiftyModel.h */,
				8464759421FD7DB900A305C3 /* FiftyModel.m */,
			);
			path = Model;
			sourceTree = "<group>";
		};
		840CF54321F88B8D0036E0C2 /* View */ = {
			isa = PBXGroup;
			children = (
				8464759E21FD84A800A305C3 /* cell */,
				8427A64321F96D2000A90DCF /* FiftyMainView.h */,
				8427A64421F96D2000A90DCF /* FiftyMainView.m */,
				8427A64621F96D2B00A90DCF /* FiftyMainView.xib */,
				8464759921FD82F900A305C3 /* FiftyStudyMainView.h */,
				8464759A21FD82F900A305C3 /* FiftyStudyMainView.m */,
				8464759C21FD832900A305C3 /* FiftyStudyMainView.xib */,
				841D366F220295050055079E /* FiftyTestMainView.h */,
				841D3670220295050055079E /* FiftyTestMainView.m */,
				841D3672220295210055079E /* FiftyTestMainView.xib */,
			);
			path = View;
			sourceTree = "<group>";
		};
		840CF55021F88D3E0036E0C2 /* Third */ = {
			isa = PBXGroup;
			children = (
				8435BD7321FD8DB500DD0BB9 /* Masonry */,
				8464757321FD7D9700A305C3 /* JSONModel */,
				840CF57C21F891070036E0C2 /* HUD */,
				840CF55821F891070036E0C2 /* IQKeyboardManager */,
				840CF57B21F891070036E0C2 /* SFCategory */,
				840CF55121F88E630036E0C2 /* SFFileManager */,
			);
			path = Third;
			sourceTree = "<group>";
		};
		840CF55121F88E630036E0C2 /* SFFileManager */ = {
			isa = PBXGroup;
			children = (
				840CF55321F88E630036E0C2 /* SFFileManager.h */,
				840CF55221F88E630036E0C2 /* SFFileManager.m */,
			);
			path = SFFileManager;
			sourceTree = "<group>";
		};
		840CF55521F88E890036E0C2 /* Header */ = {
			isa = PBXGroup;
			children = (
				840CF55621F88EA00036E0C2 /* JLHeader.pch */,
				840CF55721F88FCC0036E0C2 /* PropertySetting.h */,
				84F1A4E62201CB7100639394 /* EnumHeader.h */,
				841D366E2202945A0055079E /* QuestionMsgHeader.h */,
			);
			path = Header;
			sourceTree = "<group>";
		};
		840CF55821F891070036E0C2 /* IQKeyboardManager */ = {
			isa = PBXGroup;
			children = (
				840CF55921F891070036E0C2 /* IQTextView */,
				840CF55C21F891070036E0C2 /* IQToolbar */,
				840CF56721F891070036E0C2 /* Constants */,
				840CF56A21F891070036E0C2 /* Resources */,
				840CF56C21F891070036E0C2 /* IQKeyboardReturnKeyHandler.h */,
				840CF56D21F891070036E0C2 /* IQKeyboardManager.h */,
				840CF56E21F891070036E0C2 /* IQKeyboardManager.m */,
				840CF56F21F891070036E0C2 /* Categories */,
				840CF57A21F891070036E0C2 /* IQKeyboardReturnKeyHandler.m */,
			);
			path = IQKeyboardManager;
			sourceTree = "<group>";
		};
		840CF55921F891070036E0C2 /* IQTextView */ = {
			isa = PBXGroup;
			children = (
				840CF55A21F891070036E0C2 /* IQTextView.m */,
				840CF55B21F891070036E0C2 /* IQTextView.h */,
			);
			path = IQTextView;
			sourceTree = "<group>";
		};
		840CF55C21F891070036E0C2 /* IQToolbar */ = {
			isa = PBXGroup;
			children = (
				840CF55D21F891070036E0C2 /* IQUIView+IQKeyboardToolbar.h */,
				840CF55E21F891070036E0C2 /* IQToolbar.m */,
				840CF55F21F891070036E0C2 /* IQPreviousNextView.h */,
				840CF56021F891070036E0C2 /* IQTitleBarButtonItem.m */,
				840CF56121F891070036E0C2 /* IQBarButtonItem.m */,
				840CF56221F891070036E0C2 /* IQUIView+IQKeyboardToolbar.m */,
				840CF56321F891070036E0C2 /* IQPreviousNextView.m */,
				840CF56421F891070036E0C2 /* IQToolbar.h */,
				840CF56521F891070036E0C2 /* IQBarButtonItem.h */,
				840CF56621F891070036E0C2 /* IQTitleBarButtonItem.h */,
			);
			path = IQToolbar;
			sourceTree = "<group>";
		};
		840CF56721F891070036E0C2 /* Constants */ = {
			isa = PBXGroup;
			children = (
				840CF56821F891070036E0C2 /* IQKeyboardManagerConstantsInternal.h */,
				840CF56921F891070036E0C2 /* IQKeyboardManagerConstants.h */,
			);
			path = Constants;
			sourceTree = "<group>";
		};
		840CF56A21F891070036E0C2 /* Resources */ = {
			isa = PBXGroup;
			children = (
				840CF56B21F891070036E0C2 /* IQKeyboardManager.bundle */,
			);
			path = Resources;
			sourceTree = "<group>";
		};
		840CF56F21F891070036E0C2 /* Categories */ = {
			isa = PBXGroup;
			children = (
				840CF57021F891070036E0C2 /* IQNSArray+Sort.m */,
				840CF57121F891070036E0C2 /* IQUIViewController+Additions.h */,
				840CF57221F891070036E0C2 /* IQUITextFieldView+Additions.m */,
				840CF57321F891070036E0C2 /* IQUIScrollView+Additions.m */,
				840CF57421F891070036E0C2 /* IQUIView+Hierarchy.m */,
				840CF57521F891070036E0C2 /* IQNSArray+Sort.h */,
				840CF57621F891070036E0C2 /* IQUIScrollView+Additions.h */,
				840CF57721F891070036E0C2 /* IQUITextFieldView+Additions.h */,
				840CF57821F891070036E0C2 /* IQUIViewController+Additions.m */,
				840CF57921F891070036E0C2 /* IQUIView+Hierarchy.h */,
			);
			path = Categories;
			sourceTree = "<group>";
		};
		840CF57B21F891070036E0C2 /* SFCategory */ = {
			isa = PBXGroup;
			children = (
				840CF58E21F891480036E0C2 /* UIButton+SFButton.h */,
				840CF58F21F891480036E0C2 /* UIButton+SFButton.m */,
				840CF59121F891740036E0C2 /* UIView+SFView.h */,
				840CF59221F891740036E0C2 /* UIView+SFView.m */,
			);
			path = SFCategory;
			sourceTree = "<group>";
		};
		840CF57C21F891070036E0C2 /* HUD */ = {
			isa = PBXGroup;
			children = (
				840CF57D21F891070036E0C2 /* MBProgressHUD.m */,
				840CF57E21F891070036E0C2 /* MBProgressHUD.h */,
			);
			path = HUD;
			sourceTree = "<group>";
		};
		840CF59421F8924E0036E0C2 /* Main */ = {
			isa = PBXGroup;
			children = (
				840CF59521F8924E0036E0C2 /* Controller */,
				840CF59621F8924E0036E0C2 /* Model */,
				840CF59721F8924E0036E0C2 /* View */,
			);
			path = Main;
			sourceTree = "<group>";
		};
		840CF59521F8924E0036E0C2 /* Controller */ = {
			isa = PBXGroup;
			children = (
				840CF59821F892640036E0C2 /* MainViewController.h */,
				840CF59921F892640036E0C2 /* MainViewController.m */,
			);
			path = Controller;
			sourceTree = "<group>";
		};
		840CF59621F8924E0036E0C2 /* Model */ = {
			isa = PBXGroup;
			children = (
			);
			path = Model;
			sourceTree = "<group>";
		};
		840CF59721F8924E0036E0C2 /* View */ = {
			isa = PBXGroup;
			children = (
				840CF54B21F88D020036E0C2 /* MainUIView.h */,
				840CF54C21F88D020036E0C2 /* MainUIView.m */,
				840CF54E21F88D0D0036E0C2 /* MainUIView.xib */,
				840CF5A321F899560036E0C2 /* TopView.h */,
				840CF5A421F899560036E0C2 /* TopView.m */,
				840CF5A621F8995F0036E0C2 /* TopView.xib */,
			);
			path = View;
			sourceTree = "<group>";
		};
		840CF5A821F89BF00036E0C2 /* Resources */ = {
			isa = PBXGroup;
			children = (
				8427A64021F8BABF00A90DCF /* files */,
				840CF5A921F89BF00036E0C2 /* imgs */,
			);
			path = Resources;
			sourceTree = "<group>";
		};
		840CF5A921F89BF00036E0C2 /* imgs */ = {
			isa = PBXGroup;
			children = (
				840CF5AA21F89BF00036E0C2 /* back.png */,
			);
			path = imgs;
			sourceTree = "<group>";
		};
		8427A64021F8BABF00A90DCF /* files */ = {
			isa = PBXGroup;
			children = (
				8427A64121F8BAE800A90DCF /* Language.plist */,
			);
			path = files;
			sourceTree = "<group>";
		};
		8435BD7321FD8DB500DD0BB9 /* Masonry */ = {
			isa = PBXGroup;
			children = (
				8435BD7421FD8DB500DD0BB9 /* MASCompositeConstraint.h */,
				8435BD7521FD8DB500DD0BB9 /* NSLayoutConstraint+MASDebugAdditions.m */,
				8435BD7621FD8DB500DD0BB9 /* MASConstraint+Private.h */,
				8435BD7721FD8DB500DD0BB9 /* MASLayoutConstraint.h */,
				8435BD7821FD8DB500DD0BB9 /* NSArray+MASShorthandAdditions.h */,
				8435BD7921FD8DB500DD0BB9 /* MASConstraintMaker.h */,
				8435BD7A21FD8DB500DD0BB9 /* View+MASAdditions.h */,
				8435BD7B21FD8DB500DD0BB9 /* NSArray+MASAdditions.h */,
				8435BD7C21FD8DB500DD0BB9 /* MASUtilities.h */,
				8435BD7D21FD8DB500DD0BB9 /* MASViewAttribute.h */,
				8435BD7E21FD8DB500DD0BB9 /* ViewController+MASAdditions.m */,
				8435BD7F21FD8DB500DD0BB9 /* MASViewConstraint.h */,
				8435BD8021FD8DB500DD0BB9 /* MASConstraint.h */,
				8435BD8121FD8DB500DD0BB9 /* NSLayoutConstraint+MASDebugAdditions.h */,
				8435BD8221FD8DB500DD0BB9 /* MASCompositeConstraint.m */,
				8435BD8321FD8DB500DD0BB9 /* MASConstraintMaker.m */,
				8435BD8421FD8DB500DD0BB9 /* MASLayoutConstraint.m */,
				8435BD8521FD8DB500DD0BB9 /* NSArray+MASAdditions.m */,
				8435BD8621FD8DB500DD0BB9 /* View+MASAdditions.m */,
				8435BD8721FD8DB500DD0BB9 /* View+MASShorthandAdditions.h */,
				8435BD8821FD8DB500DD0BB9 /* Masonry.h */,
				8435BD8921FD8DB500DD0BB9 /* MASConstraint.m */,
				8435BD8A21FD8DB500DD0BB9 /* ViewController+MASAdditions.h */,
				8435BD8B21FD8DB500DD0BB9 /* MASViewConstraint.m */,
				8435BD8C21FD8DB500DD0BB9 /* MASViewAttribute.m */,
			);
			name = Masonry;
			path = JapaneseLearning/Third/Masonry;
			sourceTree = SOURCE_ROOT;
		};
		8464757321FD7D9700A305C3 /* JSONModel */ = {
			isa = PBXGroup;
			children = (
				8464757421FD7D9700A305C3 /* JSONModelTransformations */,
				8464757921FD7D9700A305C3 /* JSONModel */,
				8464758021FD7D9700A305C3 /* JSONModel.modulemap */,
				8464758221FD7D9700A305C3 /* JSONModelLib.h */,
				8464758321FD7D9700A305C3 /* JSONModelNetworking */,
			);
			path = JSONModel;
			sourceTree = "<group>";
		};
		8464757421FD7D9700A305C3 /* JSONModelTransformations */ = {
			isa = PBXGroup;
			children = (
				8464757521FD7D9700A305C3 /* JSONValueTransformer.m */,
				8464757621FD7D9700A305C3 /* JSONKeyMapper.h */,
				8464757721FD7D9700A305C3 /* JSONValueTransformer.h */,
				8464757821FD7D9700A305C3 /* JSONKeyMapper.m */,
			);
			path = JSONModelTransformations;
			sourceTree = "<group>";
		};
		8464757921FD7D9700A305C3 /* JSONModel */ = {
			isa = PBXGroup;
			children = (
				8464757A21FD7D9700A305C3 /* JSONModel.m */,
				8464757B21FD7D9700A305C3 /* JSONModelError.m */,
				8464757C21FD7D9700A305C3 /* JSONModelClassProperty.h */,
				8464757D21FD7D9700A305C3 /* JSONModel.h */,
				8464757E21FD7D9700A305C3 /* JSONModelClassProperty.m */,
				8464757F21FD7D9700A305C3 /* JSONModelError.h */,
			);
			path = JSONModel;
			sourceTree = "<group>";
		};
		8464758321FD7D9700A305C3 /* JSONModelNetworking */ = {
			isa = PBXGroup;
			children = (
				8464758421FD7D9700A305C3 /* JSONHTTPClient.m */,
				8464758521FD7D9700A305C3 /* JSONAPI.m */,
				8464758621FD7D9700A305C3 /* JSONModel+networking.h */,
				8464758721FD7D9700A305C3 /* JSONHTTPClient.h */,
				8464758821FD7D9700A305C3 /* JSONAPI.h */,
				8464758921FD7D9700A305C3 /* JSONModel+networking.m */,
			);
			path = JSONModelNetworking;
			sourceTree = "<group>";
		};
		8464759E21FD84A800A305C3 /* cell */ = {
			isa = PBXGroup;
			children = (
				8464759F21FD84CA00A305C3 /* FiftyStudyCollectionViewCell.h */,
				846475A021FD84CA00A305C3 /* FiftyStudyCollectionViewCell.m */,
				846475A121FD84CA00A305C3 /* FiftyStudyCollectionViewCell.xib */,
				841D36662201D3620055079E /* FiftyTestPianBtnCollectionViewCell.h */,
				841D36672201D3620055079E /* FiftyTestPianBtnCollectionViewCell.m */,
				841D36682201D3620055079E /* FiftyTestPianBtnCollectionViewCell.xib */,
				849F3BA82208375400E791A3 /* FiftyTestInputCollectionViewCell.h */,
				849F3BA92208375400E791A3 /* FiftyTestInputCollectionViewCell.m */,
				849F3BAA2208375400E791A3 /* FiftyTestInputCollectionViewCell.xib */,
			);
			path = cell;
			sourceTree = "<group>";
		};
		84AA37B922171A4500959B50 /* Words */ = {
			isa = PBXGroup;
			children = (
				84AA37BA22171A4500959B50 /* Controller */,
				84AA37BB22171A4500959B50 /* Model */,
				84AA37BC22171A4500959B50 /* View */,
			);
			path = Words;
			sourceTree = "<group>";
		};
		84AA37BA22171A4500959B50 /* Controller */ = {
			isa = PBXGroup;
			children = (
				84AA37BD22171A5F00959B50 /* WordsMainViewController.h */,
				84AA37BE22171A5F00959B50 /* WordsMainViewController.m */,
				84AA37BF22171A5F00959B50 /* WordsMainViewController.xib */,
			);
			path = Controller;
			sourceTree = "<group>";
		};
		84AA37BB22171A4500959B50 /* Model */ = {
			isa = PBXGroup;
			children = (
			);
			path = Model;
			sourceTree = "<group>";
		};
		84AA37BC22171A4500959B50 /* View */ = {
			isa = PBXGroup;
			children = (
				84AA37C222171B2F00959B50 /* WordsTestMainView.h */,
				84AA37C322171B2F00959B50 /* WordsTestMainView.m */,
				84AA37C522171B3900959B50 /* WordsTestMainView.xib */,
			);
			path = View;
			sourceTree = "<group>";
		};
/* End PBXGroup section */

/* Begin PBXNativeTarget section */
		840CF50621F88AE40036E0C2 /* JapaneseLearning */ = {
			isa = PBXNativeTarget;
			buildConfigurationList = 840CF53321F88AE70036E0C2 /* Build configuration list for PBXNativeTarget "JapaneseLearning" */;
			buildPhases = (
				840CF50321F88AE40036E0C2 /* Sources */,
				840CF50421F88AE40036E0C2 /* Frameworks */,
				840CF50521F88AE40036E0C2 /* Resources */,
			);
			buildRules = (
			);
			dependencies = (
			);
			name = JapaneseLearning;
			productName = JapaneseLearning;
			productReference = 840CF50721F88AE40036E0C2 /* JapaneseLearning.app */;
			productType = "com.apple.product-type.application";
		};
		840CF51E21F88AE70036E0C2 /* JapaneseLearningTests */ = {
			isa = PBXNativeTarget;
			buildConfigurationList = 840CF53621F88AE70036E0C2 /* Build configuration list for PBXNativeTarget "JapaneseLearningTests" */;
			buildPhases = (
				840CF51B21F88AE70036E0C2 /* Sources */,
				840CF51C21F88AE70036E0C2 /* Frameworks */,
				840CF51D21F88AE70036E0C2 /* Resources */,
			);
			buildRules = (
			);
			dependencies = (
				840CF52121F88AE70036E0C2 /* PBXTargetDependency */,
			);
			name = JapaneseLearningTests;
			productName = JapaneseLearningTests;
			productReference = 840CF51F21F88AE70036E0C2 /* JapaneseLearningTests.xctest */;
			productType = "com.apple.product-type.bundle.unit-test";
		};
		840CF52921F88AE70036E0C2 /* JapaneseLearningUITests */ = {
			isa = PBXNativeTarget;
			buildConfigurationList = 840CF53921F88AE70036E0C2 /* Build configuration list for PBXNativeTarget "JapaneseLearningUITests" */;
			buildPhases = (
				840CF52621F88AE70036E0C2 /* Sources */,
				840CF52721F88AE70036E0C2 /* Frameworks */,
				840CF52821F88AE70036E0C2 /* Resources */,
			);
			buildRules = (
			);
			dependencies = (
				840CF52C21F88AE70036E0C2 /* PBXTargetDependency */,
			);
			name = JapaneseLearningUITests;
			productName = JapaneseLearningUITests;
			productReference = 840CF52A21F88AE70036E0C2 /* JapaneseLearningUITests.xctest */;
			productType = "com.apple.product-type.bundle.ui-testing";
		};
/* End PBXNativeTarget section */

/* Begin PBXProject section */
		840CF4FF21F88AE40036E0C2 /* Project object */ = {
			isa = PBXProject;
			attributes = {
				LastUpgradeCheck = 1010;
				ORGANIZATIONNAME = "shaofeng liu";
				TargetAttributes = {
					840CF50621F88AE40036E0C2 = {
						CreatedOnToolsVersion = 10.1;
					};
					840CF51E21F88AE70036E0C2 = {
						CreatedOnToolsVersion = 10.1;
						TestTargetID = 840CF50621F88AE40036E0C2;
					};
					840CF52921F88AE70036E0C2 = {
						CreatedOnToolsVersion = 10.1;
						TestTargetID = 840CF50621F88AE40036E0C2;
					};
				};
			};
			buildConfigurationList = 840CF50221F88AE40036E0C2 /* Build configuration list for PBXProject "JapaneseLearning" */;
			compatibilityVersion = "Xcode 9.3";
			developmentRegion = en;
			hasScannedForEncodings = 0;
			knownRegions = (
				en,
				Base,
			);
			mainGroup = 840CF4FE21F88AE40036E0C2;
			productRefGroup = 840CF50821F88AE40036E0C2 /* Products */;
			projectDirPath = "";
			projectRoot = "";
			targets = (
				840CF50621F88AE40036E0C2 /* JapaneseLearning */,
				840CF51E21F88AE70036E0C2 /* JapaneseLearningTests */,
				840CF52921F88AE70036E0C2 /* JapaneseLearningUITests */,
			);
		};
/* End PBXProject section */

/* Begin PBXResourcesBuildPhase section */
		840CF50521F88AE40036E0C2 /* Resources */ = {
			isa = PBXResourcesBuildPhase;
			buildActionMask = 2147483647;
			files = (
				840CF5A721F8995F0036E0C2 /* TopView.xib in Resources */,
				840CF58521F891080036E0C2 /* IQKeyboardManager.bundle in Resources */,
				840CF51721F88AE70036E0C2 /* LaunchScreen.storyboard in Resources */,
				840CF54F21F88D0D0036E0C2 /* MainUIView.xib in Resources */,
				846475A321FD84CA00A305C3 /* FiftyStudyCollectionViewCell.xib in Resources */,
				84AA37C622171B3900959B50 /* WordsTestMainView.xib in Resources */,
				840CF5AB21F89BF10036E0C2 /* back.png in Resources */,
				8464759D21FD832900A305C3 /* FiftyStudyMainView.xib in Resources */,
				841D366A2201D3620055079E /* FiftyTestPianBtnCollectionViewCell.xib in Resources */,
				841D3673220295210055079E /* FiftyTestMainView.xib in Resources */,
				84AA37C122171A5F00959B50 /* WordsMainViewController.xib in Resources */,
				841D36652201D2200055079E /* FiftyTestViewController.xib in Resources */,
				840CF51421F88AE70036E0C2 /* Assets.xcassets in Resources */,
				840CF5A221F8988C0036E0C2 /* FIftyMainViewController.xib in Resources */,
				840CF51221F88AE40036E0C2 /* Main.storyboard in Resources */,
				8427A64721F96D2B00A90DCF /* FiftyMainView.xib in Resources */,
				8464756F21FD780500A305C3 /* FiftyStudyViewController.xib in Resources */,
				849F3BAC2208375400E791A3 /* FiftyTestInputCollectionViewCell.xib in Resources */,
				8427A64221F8BAE800A90DCF /* Language.plist in Resources */,
			);
			runOnlyForDeploymentPostprocessing = 0;
		};
		840CF51D21F88AE70036E0C2 /* Resources */ = {
			isa = PBXResourcesBuildPhase;
			buildActionMask = 2147483647;
			files = (
			);
			runOnlyForDeploymentPostprocessing = 0;
		};
		840CF52821F88AE70036E0C2 /* Resources */ = {
			isa = PBXResourcesBuildPhase;
			buildActionMask = 2147483647;
			files = (
			);
			runOnlyForDeploymentPostprocessing = 0;
		};
/* End PBXResourcesBuildPhase section */

/* Begin PBXSourcesBuildPhase section */
		840CF50321F88AE40036E0C2 /* Sources */ = {
			isa = PBXSourcesBuildPhase;
			buildActionMask = 2147483647;
			files = (
				8464759021FD7D9700A305C3 /* JSONHTTPClient.m in Sources */,
				840CF50F21F88AE40036E0C2 /* ViewController.m in Sources */,
				840CF58921F891080036E0C2 /* IQUIScrollView+Additions.m in Sources */,
				841D36642201D2200055079E /* FiftyTestViewController.m in Sources */,
				840CF54621F88BA20036E0C2 /* BaseViewController.m in Sources */,
				8464758B21FD7D9700A305C3 /* JSONKeyMapper.m in Sources */,
				8464759B21FD82F900A305C3 /* FiftyStudyMainView.m in Sources */,
				840CF54D21F88D020036E0C2 /* MainUIView.m in Sources */,
				841D3671220295050055079E /* FiftyTestMainView.m in Sources */,
				8435BD9221FD8DB500DD0BB9 /* MASLayoutConstraint.m in Sources */,
				840CF58321F891080036E0C2 /* IQUIView+IQKeyboardToolbar.m in Sources */,
				840CF58021F891080036E0C2 /* IQToolbar.m in Sources */,
				84AA37C422171B2F00959B50 /* WordsTestMainView.m in Sources */,
				8435BD9121FD8DB500DD0BB9 /* MASConstraintMaker.m in Sources */,
				8435BD9621FD8DB500DD0BB9 /* MASViewConstraint.m in Sources */,
				840CF5A121F8988C0036E0C2 /* FIftyMainViewController.m in Sources */,
				840CF58121F891080036E0C2 /* IQTitleBarButtonItem.m in Sources */,
				846475A221FD84CA00A305C3 /* FiftyStudyCollectionViewCell.m in Sources */,
				841D36692201D3620055079E /* FiftyTestPianBtnCollectionViewCell.m in Sources */,
				8435BD9021FD8DB500DD0BB9 /* MASCompositeConstraint.m in Sources */,
				8464758E21FD7D9700A305C3 /* JSONModelClassProperty.m in Sources */,
				840CF5A521F899560036E0C2 /* TopView.m in Sources */,
				840CF58D21F891080036E0C2 /* MBProgressHUD.m in Sources */,
				8435BD9321FD8DB500DD0BB9 /* NSArray+MASAdditions.m in Sources */,
				840CF59321F891740036E0C2 /* UIView+SFView.m in Sources */,
				8464756E21FD780500A305C3 /* FiftyStudyViewController.m in Sources */,
				840CF51A21F88AE70036E0C2 /* main.m in Sources */,
				849F3BAB2208375400E791A3 /* FiftyTestInputCollectionViewCell.m in Sources */,
				8464759521FD7DB900A305C3 /* FiftyModel.m in Sources */,
				840CF58221F891080036E0C2 /* IQBarButtonItem.m in Sources */,
				8464757221FD798A00A305C3 /* ReaderManager.m in Sources */,
				840CF59D21F8958D0036E0C2 /* BaseView.m in Sources */,
				84AA37C022171A5F00959B50 /* WordsMainViewController.m in Sources */,
				8464758C21FD7D9700A305C3 /* JSONModel.m in Sources */,
				8464759121FD7D9700A305C3 /* JSONAPI.m in Sources */,
				840CF59A21F892640036E0C2 /* MainViewController.m in Sources */,
				840CF58421F891080036E0C2 /* IQPreviousNextView.m in Sources */,
				840CF58821F891080036E0C2 /* IQUITextFieldView+Additions.m in Sources */,
				840CF55421F88E630036E0C2 /* SFFileManager.m in Sources */,
				8435BD9521FD8DB500DD0BB9 /* MASConstraint.m in Sources */,
				840CF58A21F891080036E0C2 /* IQUIView+Hierarchy.m in Sources */,
				841D366D22028E570055079E /* QuestDataManager.m in Sources */,
				8435BD9721FD8DB500DD0BB9 /* MASViewAttribute.m in Sources */,
				8427A64521F96D2000A90DCF /* FiftyMainView.m in Sources */,
				840CF58721F891080036E0C2 /* IQNSArray+Sort.m in Sources */,
				8464758A21FD7D9700A305C3 /* JSONValueTransformer.m in Sources */,
				8435BD8F21FD8DB500DD0BB9 /* ViewController+MASAdditions.m in Sources */,
				840CF58621F891080036E0C2 /* IQKeyboardManager.m in Sources */,
				8464759221FD7D9700A305C3 /* JSONModel+networking.m in Sources */,
				8464758D21FD7D9700A305C3 /* JSONModelError.m in Sources */,
				8435BD8E21FD8DB500DD0BB9 /* NSLayoutConstraint+MASDebugAdditions.m in Sources */,
				840CF59021F891480036E0C2 /* UIButton+SFButton.m in Sources */,
				840CF50C21F88AE40036E0C2 /* AppDelegate.m in Sources */,
				840CF58B21F891080036E0C2 /* IQUIViewController+Additions.m in Sources */,
				8435BD9421FD8DB500DD0BB9 /* View+MASAdditions.m in Sources */,
				840CF57F21F891080036E0C2 /* IQTextView.m in Sources */,
				840CF58C21F891080036E0C2 /* IQKeyboardReturnKeyHandler.m in Sources */,
			);
			runOnlyForDeploymentPostprocessing = 0;
		};
		840CF51B21F88AE70036E0C2 /* Sources */ = {
			isa = PBXSourcesBuildPhase;
			buildActionMask = 2147483647;
			files = (
				840CF52421F88AE70036E0C2 /* JapaneseLearningTests.m in Sources */,
			);
			runOnlyForDeploymentPostprocessing = 0;
		};
		840CF52621F88AE70036E0C2 /* Sources */ = {
			isa = PBXSourcesBuildPhase;
			buildActionMask = 2147483647;
			files = (
				840CF52F21F88AE70036E0C2 /* JapaneseLearningUITests.m in Sources */,
			);
			runOnlyForDeploymentPostprocessing = 0;
		};
/* End PBXSourcesBuildPhase section */

/* Begin PBXTargetDependency section */
		840CF52121F88AE70036E0C2 /* PBXTargetDependency */ = {
			isa = PBXTargetDependency;
			target = 840CF50621F88AE40036E0C2 /* JapaneseLearning */;
			targetProxy = 840CF52021F88AE70036E0C2 /* PBXContainerItemProxy */;
		};
		840CF52C21F88AE70036E0C2 /* PBXTargetDependency */ = {
			isa = PBXTargetDependency;
			target = 840CF50621F88AE40036E0C2 /* JapaneseLearning */;
			targetProxy = 840CF52B21F88AE70036E0C2 /* PBXContainerItemProxy */;
		};
/* End PBXTargetDependency section */

/* Begin PBXVariantGroup section */
		840CF51021F88AE40036E0C2 /* Main.storyboard */ = {
			isa = PBXVariantGroup;
			children = (
				840CF51121F88AE40036E0C2 /* Base */,
			);
			name = Main.storyboard;
			sourceTree = "<group>";
		};
		840CF51521F88AE70036E0C2 /* LaunchScreen.storyboard */ = {
			isa = PBXVariantGroup;
			children = (
				840CF51621F88AE70036E0C2 /* Base */,
			);
			name = LaunchScreen.storyboard;
			sourceTree = "<group>";
		};
/* End PBXVariantGroup section */

/* Begin XCBuildConfiguration section */
		840CF53121F88AE70036E0C2 /* Debug */ = {
			isa = XCBuildConfiguration;
			buildSettings = {
				ALWAYS_SEARCH_USER_PATHS = NO;
				CLANG_ANALYZER_NONNULL = YES;
				CLANG_ANALYZER_NUMBER_OBJECT_CONVERSION = YES_AGGRESSIVE;
				CLANG_CXX_LANGUAGE_STANDARD = "gnu++14";
				CLANG_CXX_LIBRARY = "libc++";
				CLANG_ENABLE_MODULES = YES;
				CLANG_ENABLE_OBJC_ARC = YES;
				CLANG_ENABLE_OBJC_WEAK = YES;
				CLANG_WARN_BLOCK_CAPTURE_AUTORELEASING = YES;
				CLANG_WARN_BOOL_CONVERSION = YES;
				CLANG_WARN_COMMA = YES;
				CLANG_WARN_CONSTANT_CONVERSION = YES;
				CLANG_WARN_DEPRECATED_OBJC_IMPLEMENTATIONS = YES;
				CLANG_WARN_DIRECT_OBJC_ISA_USAGE = YES_ERROR;
				CLANG_WARN_DOCUMENTATION_COMMENTS = YES;
				CLANG_WARN_EMPTY_BODY = YES;
				CLANG_WARN_ENUM_CONVERSION = YES;
				CLANG_WARN_INFINITE_RECURSION = YES;
				CLANG_WARN_INT_CONVERSION = YES;
				CLANG_WARN_NON_LITERAL_NULL_CONVERSION = YES;
				CLANG_WARN_OBJC_IMPLICIT_RETAIN_SELF = YES;
				CLANG_WARN_OBJC_LITERAL_CONVERSION = YES;
				CLANG_WARN_OBJC_ROOT_CLASS = YES_ERROR;
				CLANG_WARN_RANGE_LOOP_ANALYSIS = YES;
				CLANG_WARN_STRICT_PROTOTYPES = YES;
				CLANG_WARN_SUSPICIOUS_MOVE = YES;
				CLANG_WARN_UNGUARDED_AVAILABILITY = YES_AGGRESSIVE;
				CLANG_WARN_UNREACHABLE_CODE = YES;
				CLANG_WARN__DUPLICATE_METHOD_MATCH = YES;
				CODE_SIGN_IDENTITY = "iPhone Developer";
				COPY_PHASE_STRIP = NO;
				DEBUG_INFORMATION_FORMAT = dwarf;
				ENABLE_STRICT_OBJC_MSGSEND = YES;
				ENABLE_TESTABILITY = YES;
				GCC_C_LANGUAGE_STANDARD = gnu11;
				GCC_DYNAMIC_NO_PIC = NO;
				GCC_NO_COMMON_BLOCKS = YES;
				GCC_OPTIMIZATION_LEVEL = 0;
				GCC_PREPROCESSOR_DEFINITIONS = (
					"DEBUG=1",
					"$(inherited)",
				);
				GCC_WARN_64_TO_32_BIT_CONVERSION = YES;
				GCC_WARN_ABOUT_RETURN_TYPE = YES_ERROR;
				GCC_WARN_UNDECLARED_SELECTOR = YES;
				GCC_WARN_UNINITIALIZED_AUTOS = YES_AGGRESSIVE;
				GCC_WARN_UNUSED_FUNCTION = YES;
				GCC_WARN_UNUSED_VARIABLE = YES;
				IPHONEOS_DEPLOYMENT_TARGET = 12.1;
				MTL_ENABLE_DEBUG_INFO = INCLUDE_SOURCE;
				MTL_FAST_MATH = YES;
				ONLY_ACTIVE_ARCH = YES;
				SDKROOT = iphoneos;
			};
			name = Debug;
		};
		840CF53221F88AE70036E0C2 /* Release */ = {
			isa = XCBuildConfiguration;
			buildSettings = {
				ALWAYS_SEARCH_USER_PATHS = NO;
				CLANG_ANALYZER_NONNULL = YES;
				CLANG_ANALYZER_NUMBER_OBJECT_CONVERSION = YES_AGGRESSIVE;
				CLANG_CXX_LANGUAGE_STANDARD = "gnu++14";
				CLANG_CXX_LIBRARY = "libc++";
				CLANG_ENABLE_MODULES = YES;
				CLANG_ENABLE_OBJC_ARC = YES;
				CLANG_ENABLE_OBJC_WEAK = YES;
				CLANG_WARN_BLOCK_CAPTURE_AUTORELEASING = YES;
				CLANG_WARN_BOOL_CONVERSION = YES;
				CLANG_WARN_COMMA = YES;
				CLANG_WARN_CONSTANT_CONVERSION = YES;
				CLANG_WARN_DEPRECATED_OBJC_IMPLEMENTATIONS = YES;
				CLANG_WARN_DIRECT_OBJC_ISA_USAGE = YES_ERROR;
				CLANG_WARN_DOCUMENTATION_COMMENTS = YES;
				CLANG_WARN_EMPTY_BODY = YES;
				CLANG_WARN_ENUM_CONVERSION = YES;
				CLANG_WARN_INFINITE_RECURSION = YES;
				CLANG_WARN_INT_CONVERSION = YES;
				CLANG_WARN_NON_LITERAL_NULL_CONVERSION = YES;
				CLANG_WARN_OBJC_IMPLICIT_RETAIN_SELF = YES;
				CLANG_WARN_OBJC_LITERAL_CONVERSION = YES;
				CLANG_WARN_OBJC_ROOT_CLASS = YES_ERROR;
				CLANG_WARN_RANGE_LOOP_ANALYSIS = YES;
				CLANG_WARN_STRICT_PROTOTYPES = YES;
				CLANG_WARN_SUSPICIOUS_MOVE = YES;
				CLANG_WARN_UNGUARDED_AVAILABILITY = YES_AGGRESSIVE;
				CLANG_WARN_UNREACHABLE_CODE = YES;
				CLANG_WARN__DUPLICATE_METHOD_MATCH = YES;
				CODE_SIGN_IDENTITY = "iPhone Developer";
				COPY_PHASE_STRIP = NO;
				DEBUG_INFORMATION_FORMAT = "dwarf-with-dsym";
				ENABLE_NS_ASSERTIONS = NO;
				ENABLE_STRICT_OBJC_MSGSEND = YES;
				GCC_C_LANGUAGE_STANDARD = gnu11;
				GCC_NO_COMMON_BLOCKS = YES;
				GCC_WARN_64_TO_32_BIT_CONVERSION = YES;
				GCC_WARN_ABOUT_RETURN_TYPE = YES_ERROR;
				GCC_WARN_UNDECLARED_SELECTOR = YES;
				GCC_WARN_UNINITIALIZED_AUTOS = YES_AGGRESSIVE;
				GCC_WARN_UNUSED_FUNCTION = YES;
				GCC_WARN_UNUSED_VARIABLE = YES;
				IPHONEOS_DEPLOYMENT_TARGET = 12.1;
				MTL_ENABLE_DEBUG_INFO = NO;
				MTL_FAST_MATH = YES;
				SDKROOT = iphoneos;
				VALIDATE_PRODUCT = YES;
			};
			name = Release;
		};
		840CF53421F88AE70036E0C2 /* Debug */ = {
			isa = XCBuildConfiguration;
			buildSettings = {
				ASSETCATALOG_COMPILER_APPICON_NAME = AppIcon;
				CODE_SIGN_STYLE = Automatic;
				DEVELOPMENT_TEAM = Z3JR39QYM3;
				GCC_PRECOMPILE_PREFIX_HEADER = YES;
				GCC_PREFIX_HEADER = "$(SRCROOT)/JapaneseLearning/Header/JLHeader.pch";
				INFOPLIST_FILE = JapaneseLearning/Info.plist;
				IPHONEOS_DEPLOYMENT_TARGET = 11.4;
				LD_RUNPATH_SEARCH_PATHS = (
					"$(inherited)",
					"@executable_path/Frameworks",
				);
				PRODUCT_BUNDLE_IDENTIFIER = com.jufengliushao.JapaneseLearning;
				PRODUCT_NAME = "$(TARGET_NAME)";
				TARGETED_DEVICE_FAMILY = "1,2";
			};
			name = Debug;
		};
		840CF53521F88AE70036E0C2 /* Release */ = {
			isa = XCBuildConfiguration;
			buildSettings = {
				ASSETCATALOG_COMPILER_APPICON_NAME = AppIcon;
				CODE_SIGN_STYLE = Automatic;
				DEVELOPMENT_TEAM = Z3JR39QYM3;
				GCC_PRECOMPILE_PREFIX_HEADER = YES;
				GCC_PREFIX_HEADER = "$(SRCROOT)/JapaneseLearning/Header/JLHeader.pch";
				INFOPLIST_FILE = JapaneseLearning/Info.plist;
				IPHONEOS_DEPLOYMENT_TARGET = 11.4;
				LD_RUNPATH_SEARCH_PATHS = (
					"$(inherited)",
					"@executable_path/Frameworks",
				);
				PRODUCT_BUNDLE_IDENTIFIER = com.jufengliushao.JapaneseLearning;
				PRODUCT_NAME = "$(TARGET_NAME)";
				TARGETED_DEVICE_FAMILY = "1,2";
			};
			name = Release;
		};
		840CF53721F88AE70036E0C2 /* Debug */ = {
			isa = XCBuildConfiguration;
			buildSettings = {
				BUNDLE_LOADER = "$(TEST_HOST)";
				CODE_SIGN_STYLE = Automatic;
				INFOPLIST_FILE = JapaneseLearningTests/Info.plist;
				LD_RUNPATH_SEARCH_PATHS = (
					"$(inherited)",
					"@executable_path/Frameworks",
					"@loader_path/Frameworks",
				);
				PRODUCT_BUNDLE_IDENTIFIER = com.jufengliushao.JapaneseLearningTests;
				PRODUCT_NAME = "$(TARGET_NAME)";
				TARGETED_DEVICE_FAMILY = "1,2";
				TEST_HOST = "$(BUILT_PRODUCTS_DIR)/JapaneseLearning.app/JapaneseLearning";
			};
			name = Debug;
		};
		840CF53821F88AE70036E0C2 /* Release */ = {
			isa = XCBuildConfiguration;
			buildSettings = {
				BUNDLE_LOADER = "$(TEST_HOST)";
				CODE_SIGN_STYLE = Automatic;
				INFOPLIST_FILE = JapaneseLearningTests/Info.plist;
				LD_RUNPATH_SEARCH_PATHS = (
					"$(inherited)",
					"@executable_path/Frameworks",
					"@loader_path/Frameworks",
				);
				PRODUCT_BUNDLE_IDENTIFIER = com.jufengliushao.JapaneseLearningTests;
				PRODUCT_NAME = "$(TARGET_NAME)";
				TARGETED_DEVICE_FAMILY = "1,2";
				TEST_HOST = "$(BUILT_PRODUCTS_DIR)/JapaneseLearning.app/JapaneseLearning";
			};
			name = Release;
		};
		840CF53A21F88AE70036E0C2 /* Debug */ = {
			isa = XCBuildConfiguration;
			buildSettings = {
				CODE_SIGN_STYLE = Automatic;
				INFOPLIST_FILE = JapaneseLearningUITests/Info.plist;
				LD_RUNPATH_SEARCH_PATHS = (
					"$(inherited)",
					"@executable_path/Frameworks",
					"@loader_path/Frameworks",
				);
				PRODUCT_BUNDLE_IDENTIFIER = com.jufengliushao.JapaneseLearningUITests;
				PRODUCT_NAME = "$(TARGET_NAME)";
				TARGETED_DEVICE_FAMILY = "1,2";
				TEST_TARGET_NAME = JapaneseLearning;
			};
			name = Debug;
		};
		840CF53B21F88AE70036E0C2 /* Release */ = {
			isa = XCBuildConfiguration;
			buildSettings = {
				CODE_SIGN_STYLE = Automatic;
				INFOPLIST_FILE = JapaneseLearningUITests/Info.plist;
				LD_RUNPATH_SEARCH_PATHS = (
					"$(inherited)",
					"@executable_path/Frameworks",
					"@loader_path/Frameworks",
				);
				PRODUCT_BUNDLE_IDENTIFIER = com.jufengliushao.JapaneseLearningUITests;
				PRODUCT_NAME = "$(TARGET_NAME)";
				TARGETED_DEVICE_FAMILY = "1,2";
				TEST_TARGET_NAME = JapaneseLearning;
			};
			name = Release;
		};
/* End XCBuildConfiguration section */

/* Begin XCConfigurationList section */
		840CF50221F88AE40036E0C2 /* Build configuration list for PBXProject "JapaneseLearning" */ = {
			isa = XCConfigurationList;
			buildConfigurations = (
				840CF53121F88AE70036E0C2 /* Debug */,
				840CF53221F88AE70036E0C2 /* Release */,
			);
			defaultConfigurationIsVisible = 0;
			defaultConfigurationName = Release;
		};
		840CF53321F88AE70036E0C2 /* Build configuration list for PBXNativeTarget "JapaneseLearning" */ = {
			isa = XCConfigurationList;
			buildConfigurations = (
				840CF53421F88AE70036E0C2 /* Debug */,
				840CF53521F88AE70036E0C2 /* Release */,
			);
			defaultConfigurationIsVisible = 0;
			defaultConfigurationName = Release;
		};
		840CF53621F88AE70036E0C2 /* Build configuration list for PBXNativeTarget "JapaneseLearningTests" */ = {
			isa = XCConfigurationList;
			buildConfigurations = (
				840CF53721F88AE70036E0C2 /* Debug */,
				840CF53821F88AE70036E0C2 /* Release */,
			);
			defaultConfigurationIsVisible = 0;
			defaultConfigurationName = Release;
		};
		840CF53921F88AE70036E0C2 /* Build configuration list for PBXNativeTarget "JapaneseLearningUITests" */ = {
			isa = XCConfigurationList;
			buildConfigurations = (
				840CF53A21F88AE70036E0C2 /* Debug */,
				840CF53B21F88AE70036E0C2 /* Release */,
			);
			defaultConfigurationIsVisible = 0;
			defaultConfigurationName = Release;
		};
/* End XCConfigurationList section */
	};
	rootObject = 840CF4FF21F88AE40036E0C2 /* Project object */;
}
